{
  "object": {
    "pins": [
      {
        "package": "Defaults",
        "repositoryURL": "https://github.com/sindresorhus/Defaults",
        "state": {
          "branch": "main",
          "revision": "38925e3cfacf3fb89a81a35b1cd44fd5a5b7e0fa",
          "version": null
        }
      },
      {
        "package": "KeychainAccess",
        "repositoryURL": "https://github.com/kishikawakatsumi/KeychainAccess.git",
        "state": {
          "branch": "master",
          "revision": "e0c7eebc5a4465a3c4680764f26b7a61f567cdaf",
          "version": null
        }
      }
    ]
  },
  "version": 1
}
