// !$*UTF8*$!
{
	archiveVersion = 1;
	classes = {
	};
	objectVersion = 55;
	objects = {

/* Begin PBXBuildFile section */
		5019DD132A62F73000B21D2E /* Defaults in Frameworks */ = {isa = PBXBuildFile; productRef = 5019DD122A62F73000B21D2E /* Defaults */; };
		5019DD152A62F74C00B21D2E /* Defaults.swift in Sources */ = {isa = PBXBuildFile; fileRef = 5019DD142A62F74C00B21D2E /* Defaults.swift */; };
		5019DD1A2A62F89900B21D2E /* PushNotifications.swift in Sources */ = {isa = PBXBuildFile; fileRef = 5019DD192A62F89900B21D2E /* PushNotifications.swift */; };
		501F33512A98DF42006F957B /* AppDelegate.swift in Sources */ = {isa = PBXBuildFile; fileRef = 501F33502A98DF42006F957B /* AppDelegate.swift */; };
		501F335E2A98E94C006F957B /* Our Home Watch.app in Embed Watch Content */ = {isa = PBXBuildFile; fileRef = 501F335D2A98E94C006F957B /* Our Home Watch.app */; settings = {ATTRIBUTES = (RemoveHeadersOnCopy, ); }; };
		501F33722A98E975006F957B /* OurHomeApp.swift in Sources */ = {isa = PBXBuildFile; fileRef = 503D1DBA27A14EAB00FC8355 /* OurHomeApp.swift */; };
		501F33732A98E988006F957B /* DummyHome.swift in Sources */ = {isa = PBXBuildFile; fileRef = 50DAFAC42922D68F008CC486 /* DummyHome.swift */; };
		501F33742A98E988006F957B /* UserKeychain.swift in Sources */ = {isa = PBXBuildFile; fileRef = 505122192944ECCD00F78E5E /* UserKeychain.swift */; };
		501F33752A98E988006F957B /* Configuration.swift in Sources */ = {isa = PBXBuildFile; fileRef = 5037F2AB27A80DA6007D1BBA /* Configuration.swift */; };
		501F33762A98E988006F957B /* URLHandler.swift in Sources */ = {isa = PBXBuildFile; fileRef = 505121C82944C9B700F78E5E /* URLHandler.swift */; };
		501F33772A98E988006F957B /* Pinger.swift in Sources */ = {isa = PBXBuildFile; fileRef = 5039126B2A69CC060044B4A9 /* Pinger.swift */; };
		501F33782A98E988006F957B /* Task+Sleep.swift in Sources */ = {isa = PBXBuildFile; fileRef = 5037F23227A6BC57007D1BBA /* Task+Sleep.swift */; };
		501F33792A98E988006F957B /* Home.swift in Sources */ = {isa = PBXBuildFile; fileRef = 50DAFAC12922D679008CC486 /* Home.swift */; };
		501F337A2A98E988006F957B /* User.swift in Sources */ = {isa = PBXBuildFile; fileRef = 5051220F2944D34000F78E5E /* User.swift */; };
		501F337B2A98E98E006F957B /* HomeState.swift in Sources */ = {isa = PBXBuildFile; fileRef = 50F4E98427A5BEF200ECD03F /* HomeState.swift */; };
		501F337C2A98E98E006F957B /* HomeCommunication.swift in Sources */ = {isa = PBXBuildFile; fileRef = 50F4E98027A5BC4700ECD03F /* HomeCommunication.swift */; };
		501F337D2A98E98E006F957B /* PushNotifications.swift in Sources */ = {isa = PBXBuildFile; fileRef = 5019DD192A62F89900B21D2E /* PushNotifications.swift */; };
		501F337E2A98E98E006F957B /* DoorbellAction.swift in Sources */ = {isa = PBXBuildFile; fileRef = 505121BF2943DDFD00F78E5E /* DoorbellAction.swift */; };
		501F337F2A98E9A0006F957B /* CountdownView.swift in Sources */ = {isa = PBXBuildFile; fileRef = 505121C52943E58F00F78E5E /* CountdownView.swift */; };
		501F33802A98E9A0006F957B /* BatteryIcon.swift in Sources */ = {isa = PBXBuildFile; fileRef = 502C730B27A56A4A006D0132 /* BatteryIcon.swift */; };
		501F33812A98E9A0006F957B /* SpinningButton.swift in Sources */ = {isa = PBXBuildFile; fileRef = 502C730927A47DBB006D0132 /* SpinningButton.swift */; };
		501F33822A98E9A0006F957B /* DoorHeader.swift in Sources */ = {isa = PBXBuildFile; fileRef = 502C730D27A56FDF006D0132 /* DoorHeader.swift */; };
		501F33832A98E9A0006F957B /* UserView.swift in Sources */ = {isa = PBXBuildFile; fileRef = 505122122944D37E00F78E5E /* UserView.swift */; };
		501F33842A98E9A0006F957B /* ActionButton.swift in Sources */ = {isa = PBXBuildFile; fileRef = 50A480A32A6A8A0D0082960C /* ActionButton.swift */; };
		501F33852A98E9A0006F957B /* ControllerView.swift in Sources */ = {isa = PBXBuildFile; fileRef = 503D1DBC27A14EAB00FC8355 /* ControllerView.swift */; };
		501F33862A98E9A5006F957B /* AppVersion.swift in Sources */ = {isa = PBXBuildFile; fileRef = 5037F2AF27A80E13007D1BBA /* AppVersion.swift */; };
		501F33872A98E9A5006F957B /* SettingsView.swift in Sources */ = {isa = PBXBuildFile; fileRef = 502C730F27A5B658006D0132 /* SettingsView.swift */; };
		501F33882A98E9A5006F957B /* ActionLabel.swift in Sources */ = {isa = PBXBuildFile; fileRef = 50A480A62A6A8A260082960C /* ActionLabel.swift */; };
		501F33892A98E9A5006F957B /* SettingsButtonLabel.swift in Sources */ = {isa = PBXBuildFile; fileRef = 5057C76A2A6427DB00AE6E1E /* SettingsButtonLabel.swift */; };
		501F338A2A98E9A5006F957B /* Defaults.swift in Sources */ = {isa = PBXBuildFile; fileRef = 5019DD142A62F74C00B21D2E /* Defaults.swift */; };
		501F338B2A98E9A5006F957B /* AppState.swift in Sources */ = {isa = PBXBuildFile; fileRef = 5039124A2A6993BF0044B4A9 /* AppState.swift */; };
		501F338C2A98E9D7006F957B /* NotificationProvider.swift in Sources */ = {isa = PBXBuildFile; fileRef = 5088888C285357B4006B8808 /* NotificationProvider.swift */; };
		501F338D2A98EA13006F957B /* Assets.xcassets in Resources */ = {isa = PBXBuildFile; fileRef = 5059217F28BBC5FA005A4E3A /* Assets.xcassets */; };
		501F338F2A98EA46006F957B /* Authentication in Frameworks */ = {isa = PBXBuildFile; productRef = 501F338E2A98EA46006F957B /* Authentication */; };
		501F33912A98EA4F006F957B /* Defaults in Frameworks */ = {isa = PBXBuildFile; productRef = 501F33902A98EA4F006F957B /* Defaults */; };
		501F33932A98EA57006F957B /* KeychainAccess in Frameworks */ = {isa = PBXBuildFile; productRef = 501F33922A98EA57006F957B /* KeychainAccess */; };
		50292D77293B9CA800530CEB /* KeychainAccess in Frameworks */ = {isa = PBXBuildFile; productRef = 50292D76293B9CA800530CEB /* KeychainAccess */; };
		502C730A27A47DBB006D0132 /* SpinningButton.swift in Sources */ = {isa = PBXBuildFile; fileRef = 502C730927A47DBB006D0132 /* SpinningButton.swift */; };
		502C730C27A56A4A006D0132 /* BatteryIcon.swift in Sources */ = {isa = PBXBuildFile; fileRef = 502C730B27A56A4A006D0132 /* BatteryIcon.swift */; };
		502C730E27A56FDF006D0132 /* DoorHeader.swift in Sources */ = {isa = PBXBuildFile; fileRef = 502C730D27A56FDF006D0132 /* DoorHeader.swift */; };
		502C731027A5B658006D0132 /* SettingsView.swift in Sources */ = {isa = PBXBuildFile; fileRef = 502C730F27A5B658006D0132 /* SettingsView.swift */; };
		5037F22C27A5F19C007D1BBA /* Authentication in Frameworks */ = {isa = PBXBuildFile; productRef = 5037F22B27A5F19C007D1BBA /* Authentication */; };
		5037F23327A6BC57007D1BBA /* Task+Sleep.swift in Sources */ = {isa = PBXBuildFile; fileRef = 5037F23227A6BC57007D1BBA /* Task+Sleep.swift */; };
		5037F26627A70387007D1BBA /* ControllerView.swift in Sources */ = {isa = PBXBuildFile; fileRef = 503D1DBC27A14EAB00FC8355 /* ControllerView.swift */; };
		5037F2AC27A80DA6007D1BBA /* Configuration.swift in Sources */ = {isa = PBXBuildFile; fileRef = 5037F2AB27A80DA6007D1BBA /* Configuration.swift */; };
		5037F2B027A80E13007D1BBA /* AppVersion.swift in Sources */ = {isa = PBXBuildFile; fileRef = 5037F2AF27A80E13007D1BBA /* AppVersion.swift */; };
		5039124B2A6993BF0044B4A9 /* AppState.swift in Sources */ = {isa = PBXBuildFile; fileRef = 5039124A2A6993BF0044B4A9 /* AppState.swift */; };
		5039126C2A69CF020044B4A9 /* Pinger.swift in Sources */ = {isa = PBXBuildFile; fileRef = 5039126B2A69CC060044B4A9 /* Pinger.swift */; };
		503D1DBB27A14EAB00FC8355 /* OurHomeApp.swift in Sources */ = {isa = PBXBuildFile; fileRef = 503D1DBA27A14EAB00FC8355 /* OurHomeApp.swift */; };
		503D1DBF27A14EAB00FC8355 /* Assets.xcassets in Resources */ = {isa = PBXBuildFile; fileRef = 503D1DBE27A14EAB00FC8355 /* Assets.xcassets */; };
		505121C02943DDFD00F78E5E /* DoorbellAction.swift in Sources */ = {isa = PBXBuildFile; fileRef = 505121BF2943DDFD00F78E5E /* DoorbellAction.swift */; };
		505121C62943E58F00F78E5E /* CountdownView.swift in Sources */ = {isa = PBXBuildFile; fileRef = 505121C52943E58F00F78E5E /* CountdownView.swift */; };
		505121C92944C9B700F78E5E /* URLHandler.swift in Sources */ = {isa = PBXBuildFile; fileRef = 505121C82944C9B700F78E5E /* URLHandler.swift */; };
		5051220E2944CAAC00F78E5E /* URLHandlerTests.swift in Sources */ = {isa = PBXBuildFile; fileRef = 5051220D2944CAAC00F78E5E /* URLHandlerTests.swift */; };
		505122102944D34000F78E5E /* User.swift in Sources */ = {isa = PBXBuildFile; fileRef = 5051220F2944D34000F78E5E /* User.swift */; };
		505122172944D5B300F78E5E /* UserView.swift in Sources */ = {isa = PBXBuildFile; fileRef = 505122122944D37E00F78E5E /* UserView.swift */; };
		5051221A2944ECCD00F78E5E /* UserKeychain.swift in Sources */ = {isa = PBXBuildFile; fileRef = 505122192944ECCD00F78E5E /* UserKeychain.swift */; };
		5057C76B2A6427DB00AE6E1E /* SettingsButtonLabel.swift in Sources */ = {isa = PBXBuildFile; fileRef = 5057C76A2A6427DB00AE6E1E /* SettingsButtonLabel.swift */; };
		5088888D285357B4006B8808 /* NotificationProvider.swift in Sources */ = {isa = PBXBuildFile; fileRef = 5088888C285357B4006B8808 /* NotificationProvider.swift */; };
		509A72B52A953AF30072F58F /* HomeStateTests.swift in Sources */ = {isa = PBXBuildFile; fileRef = 509A72B42A953AF30072F58F /* HomeStateTests.swift */; };
		50A480A42A6A8A0D0082960C /* ActionButton.swift in Sources */ = {isa = PBXBuildFile; fileRef = 50A480A32A6A8A0D0082960C /* ActionButton.swift */; };
		50A480A72A6A8A260082960C /* ActionLabel.swift in Sources */ = {isa = PBXBuildFile; fileRef = 50A480A62A6A8A260082960C /* ActionLabel.swift */; };
		50BBFFB228512E6B001F1006 /* LocationChecker.swift in Sources */ = {isa = PBXBuildFile; fileRef = 50BBFFB128512E6B001F1006 /* LocationChecker.swift */; };
		50C2F1092B7260D900806C8D /* OHWatch-AppStore-App-Info.plist in Resources */ = {isa = PBXBuildFile; fileRef = 50C2F1082B7260D900806C8D /* OHWatch-AppStore-App-Info.plist */; };
		50C2F1432B72837F00806C8D /* WidgetKit.framework in Frameworks */ = {isa = PBXBuildFile; fileRef = 50C2F1422B72837F00806C8D /* WidgetKit.framework */; };
		50C2F1452B72837F00806C8D /* SwiftUI.framework in Frameworks */ = {isa = PBXBuildFile; fileRef = 50C2F1442B72837F00806C8D /* SwiftUI.framework */; };
		50C2F1482B72837F00806C8D /* WatchWidget.swift in Sources */ = {isa = PBXBuildFile; fileRef = 50C2F1472B72837F00806C8D /* WatchWidget.swift */; };
		50C2F14A2B72838000806C8D /* Assets.xcassets in Resources */ = {isa = PBXBuildFile; fileRef = 50C2F1492B72838000806C8D /* Assets.xcassets */; };
		50C2F14E2B72838000806C8D /* WatchWidgetExtension.appex in Embed Foundation Extensions */ = {isa = PBXBuildFile; fileRef = 50C2F1412B72837F00806C8D /* WatchWidgetExtension.appex */; settings = {ATTRIBUTES = (RemoveHeadersOnCopy, ); }; };
		50DAFAC22922D679008CC486 /* Home.swift in Sources */ = {isa = PBXBuildFile; fileRef = 50DAFAC12922D679008CC486 /* Home.swift */; };
		50DAFAC52922D68F008CC486 /* DummyHome.swift in Sources */ = {isa = PBXBuildFile; fileRef = 50DAFAC42922D68F008CC486 /* DummyHome.swift */; };
		50F4E98127A5BC4700ECD03F /* HomeCommunication.swift in Sources */ = {isa = PBXBuildFile; fileRef = 50F4E98027A5BC4700ECD03F /* HomeCommunication.swift */; };
		50F4E98527A5BEF200ECD03F /* HomeState.swift in Sources */ = {isa = PBXBuildFile; fileRef = 50F4E98427A5BEF200ECD03F /* HomeState.swift */; };
/* End PBXBuildFile section */

/* Begin PBXContainerItemProxy section */
		501F335F2A98E94C006F957B /* PBXContainerItemProxy */ = {
			isa = PBXContainerItemProxy;
			containerPortal = 503D1DAF27A14EAB00FC8355 /* Project object */;
			proxyType = 1;
			remoteGlobalIDString = 501F335C2A98E94C006F957B;
			remoteInfo = "OHWatch Watch App";
		};
		505122082944CA7C00F78E5E /* PBXContainerItemProxy */ = {
			isa = PBXContainerItemProxy;
			containerPortal = 503D1DAF27A14EAB00FC8355 /* Project object */;
			proxyType = 1;
			remoteGlobalIDString = 503D1DB627A14EAB00FC8355;
			remoteInfo = "Our Home";
		};
		50C2F14C2B72838000806C8D /* PBXContainerItemProxy */ = {
			isa = PBXContainerItemProxy;
			containerPortal = 503D1DAF27A14EAB00FC8355 /* Project object */;
			proxyType = 1;
			remoteGlobalIDString = 50C2F1402B72837F00806C8D;
			remoteInfo = WatchWidgetExtension;
		};
/* End PBXContainerItemProxy section */

/* Begin PBXCopyFilesBuildPhase section */
		501F336E2A98E94E006F957B /* Embed Watch Content */ = {
			isa = PBXCopyFilesBuildPhase;
			buildActionMask = 2147483647;
			dstPath = "$(CONTENTS_FOLDER_PATH)/Watch";
			dstSubfolderSpec = 16;
			files = (
				501F335E2A98E94C006F957B /* Our Home Watch.app in Embed Watch Content */,
			);
			name = "Embed Watch Content";
			runOnlyForDeploymentPostprocessing = 0;
		};
		50C2F14F2B72838000806C8D /* Embed Foundation Extensions */ = {
			isa = PBXCopyFilesBuildPhase;
			buildActionMask = 2147483647;
			dstPath = "";
			dstSubfolderSpec = 13;
			files = (
				50C2F14E2B72838000806C8D /* WatchWidgetExtension.appex in Embed Foundation Extensions */,
			);
			name = "Embed Foundation Extensions";
			runOnlyForDeploymentPostprocessing = 0;
		};
/* End PBXCopyFilesBuildPhase section */

/* Begin PBXFileReference section */
		5019DD142A62F74C00B21D2E /* Defaults.swift */ = {isa = PBXFileReference; lastKnownFileType = sourcecode.swift; path = Defaults.swift; sourceTree = "<group>"; };
		5019DD192A62F89900B21D2E /* PushNotifications.swift */ = {isa = PBXFileReference; lastKnownFileType = sourcecode.swift; path = PushNotifications.swift; sourceTree = "<group>"; };
		501F33502A98DF42006F957B /* AppDelegate.swift */ = {isa = PBXFileReference; lastKnownFileType = sourcecode.swift; path = AppDelegate.swift; sourceTree = "<group>"; };
		501F33582A98E94C006F957B /* Our Home Watch.app */ = {isa = PBXFileReference; explicitFileType = wrapper.application; includeInIndex = 0; path = "Our Home Watch.app"; sourceTree = BUILT_PRODUCTS_DIR; };
		501F335D2A98E94C006F957B /* Our Home Watch.app */ = {isa = PBXFileReference; explicitFileType = wrapper.application; includeInIndex = 0; path = "Our Home Watch.app"; sourceTree = BUILT_PRODUCTS_DIR; };
		501F33942A98ED86006F957B /* OHWatch Watch App.entitlements */ = {isa = PBXFileReference; lastKnownFileType = text.plist.entitlements; path = "OHWatch Watch App.entitlements"; sourceTree = "<group>"; };
		502C730927A47DBB006D0132 /* SpinningButton.swift */ = {isa = PBXFileReference; lastKnownFileType = sourcecode.swift; path = SpinningButton.swift; sourceTree = "<group>"; };
		502C730B27A56A4A006D0132 /* BatteryIcon.swift */ = {isa = PBXFileReference; lastKnownFileType = sourcecode.swift; path = BatteryIcon.swift; sourceTree = "<group>"; };
		502C730D27A56FDF006D0132 /* DoorHeader.swift */ = {isa = PBXFileReference; lastKnownFileType = sourcecode.swift; path = DoorHeader.swift; sourceTree = "<group>"; };
		502C730F27A5B658006D0132 /* SettingsView.swift */ = {isa = PBXFileReference; lastKnownFileType = sourcecode.swift; path = SettingsView.swift; sourceTree = "<group>"; };
		5037F22927A5F18D007D1BBA /* Authentication */ = {isa = PBXFileReference; lastKnownFileType = wrapper; name = Authentication; path = Packages/Authentication; sourceTree = "<group>"; };
		5037F23227A6BC57007D1BBA /* Task+Sleep.swift */ = {isa = PBXFileReference; lastKnownFileType = sourcecode.swift; path = "Task+Sleep.swift"; sourceTree = "<group>"; };
		5037F27627A7EE5A007D1BBA /* Config.xcconfig */ = {isa = PBXFileReference; lastKnownFileType = text.xcconfig; path = Config.xcconfig; sourceTree = "<group>"; };
		5037F2AB27A80DA6007D1BBA /* Configuration.swift */ = {isa = PBXFileReference; fileEncoding = 4; lastKnownFileType = sourcecode.swift; path = Configuration.swift; sourceTree = "<group>"; };
		5037F2AF27A80E13007D1BBA /* AppVersion.swift */ = {isa = PBXFileReference; lastKnownFileType = sourcecode.swift; path = AppVersion.swift; sourceTree = "<group>"; };
		5037F2B127A83C7D007D1BBA /* Our Home.entitlements */ = {isa = PBXFileReference; lastKnownFileType = text.plist.entitlements; path = "Our Home.entitlements"; sourceTree = "<group>"; };
		5039124A2A6993BF0044B4A9 /* AppState.swift */ = {isa = PBXFileReference; lastKnownFileType = sourcecode.swift; path = AppState.swift; sourceTree = "<group>"; };
		5039126B2A69CC060044B4A9 /* Pinger.swift */ = {isa = PBXFileReference; lastKnownFileType = sourcecode.swift; path = Pinger.swift; sourceTree = "<group>"; };
		503D1DB727A14EAB00FC8355 /* Our Home.app */ = {isa = PBXFileReference; explicitFileType = wrapper.application; includeInIndex = 0; path = "Our Home.app"; sourceTree = BUILT_PRODUCTS_DIR; };
		503D1DBA27A14EAB00FC8355 /* OurHomeApp.swift */ = {isa = PBXFileReference; lastKnownFileType = sourcecode.swift; path = OurHomeApp.swift; sourceTree = "<group>"; };
		503D1DBC27A14EAB00FC8355 /* ControllerView.swift */ = {isa = PBXFileReference; lastKnownFileType = sourcecode.swift; path = ControllerView.swift; sourceTree = "<group>"; };
		503D1DBE27A14EAB00FC8355 /* Assets.xcassets */ = {isa = PBXFileReference; lastKnownFileType = folder.assetcatalog; path = Assets.xcassets; sourceTree = "<group>"; };
		505121BF2943DDFD00F78E5E /* DoorbellAction.swift */ = {isa = PBXFileReference; lastKnownFileType = sourcecode.swift; path = DoorbellAction.swift; sourceTree = "<group>"; };
		505121C52943E58F00F78E5E /* CountdownView.swift */ = {isa = PBXFileReference; lastKnownFileType = sourcecode.swift; path = CountdownView.swift; sourceTree = "<group>"; };
		505121C82944C9B700F78E5E /* URLHandler.swift */ = {isa = PBXFileReference; lastKnownFileType = sourcecode.swift; path = URLHandler.swift; sourceTree = "<group>"; };
		505122042944CA7C00F78E5E /* Our Home Tests.xctest */ = {isa = PBXFileReference; explicitFileType = wrapper.cfbundle; includeInIndex = 0; path = "Our Home Tests.xctest"; sourceTree = BUILT_PRODUCTS_DIR; };
		5051220D2944CAAC00F78E5E /* URLHandlerTests.swift */ = {isa = PBXFileReference; lastKnownFileType = sourcecode.swift; path = URLHandlerTests.swift; sourceTree = "<group>"; };
		5051220F2944D34000F78E5E /* User.swift */ = {isa = PBXFileReference; lastKnownFileType = sourcecode.swift; path = User.swift; sourceTree = "<group>"; };
		505122122944D37E00F78E5E /* UserView.swift */ = {isa = PBXFileReference; lastKnownFileType = sourcecode.swift; path = UserView.swift; sourceTree = "<group>"; };
		505122192944ECCD00F78E5E /* UserKeychain.swift */ = {isa = PBXFileReference; lastKnownFileType = sourcecode.swift; path = UserKeychain.swift; sourceTree = "<group>"; };
		5057C76A2A6427DB00AE6E1E /* SettingsButtonLabel.swift */ = {isa = PBXFileReference; lastKnownFileType = sourcecode.swift; path = SettingsButtonLabel.swift; sourceTree = "<group>"; };
		5059217F28BBC5FA005A4E3A /* Assets.xcassets */ = {isa = PBXFileReference; lastKnownFileType = folder.assetcatalog; path = Assets.xcassets; sourceTree = "<group>"; };
		5088888C285357B4006B8808 /* NotificationProvider.swift */ = {isa = PBXFileReference; lastKnownFileType = sourcecode.swift; path = NotificationProvider.swift; sourceTree = "<group>"; };
		509A72B42A953AF30072F58F /* HomeStateTests.swift */ = {isa = PBXFileReference; lastKnownFileType = sourcecode.swift; path = HomeStateTests.swift; sourceTree = "<group>"; };
		50A480A32A6A8A0D0082960C /* ActionButton.swift */ = {isa = PBXFileReference; lastKnownFileType = sourcecode.swift; path = ActionButton.swift; sourceTree = "<group>"; };
		50A480A62A6A8A260082960C /* ActionLabel.swift */ = {isa = PBXFileReference; lastKnownFileType = sourcecode.swift; path = ActionLabel.swift; sourceTree = "<group>"; };
		50BBFFB128512E6B001F1006 /* LocationChecker.swift */ = {isa = PBXFileReference; lastKnownFileType = sourcecode.swift; path = LocationChecker.swift; sourceTree = "<group>"; };
		50C2F1072B72585200806C8D /* OHWatch-Watch-App-Info.plist */ = {isa = PBXFileReference; lastKnownFileType = text.plist.xml; path = "OHWatch-Watch-App-Info.plist"; sourceTree = "<group>"; };
		50C2F1082B7260D900806C8D /* OHWatch-AppStore-App-Info.plist */ = {isa = PBXFileReference; fileEncoding = 4; lastKnownFileType = text.plist.xml; path = "OHWatch-AppStore-App-Info.plist"; sourceTree = "<group>"; };
		50C2F1412B72837F00806C8D /* WatchWidgetExtension.appex */ = {isa = PBXFileReference; explicitFileType = "wrapper.app-extension"; includeInIndex = 0; path = WatchWidgetExtension.appex; sourceTree = BUILT_PRODUCTS_DIR; };
		50C2F1422B72837F00806C8D /* WidgetKit.framework */ = {isa = PBXFileReference; lastKnownFileType = wrapper.framework; name = WidgetKit.framework; path = System/Library/Frameworks/WidgetKit.framework; sourceTree = SDKROOT; };
		50C2F1442B72837F00806C8D /* SwiftUI.framework */ = {isa = PBXFileReference; lastKnownFileType = wrapper.framework; name = SwiftUI.framework; path = System/Library/Frameworks/SwiftUI.framework; sourceTree = SDKROOT; };
		50C2F1472B72837F00806C8D /* WatchWidget.swift */ = {isa = PBXFileReference; lastKnownFileType = sourcecode.swift; path = WatchWidget.swift; sourceTree = "<group>"; };
		50C2F1492B72838000806C8D /* Assets.xcassets */ = {isa = PBXFileReference; lastKnownFileType = folder.assetcatalog; path = Assets.xcassets; sourceTree = "<group>"; };
		50C2F14B2B72838000806C8D /* Info.plist */ = {isa = PBXFileReference; lastKnownFileType = text.plist.xml; path = Info.plist; sourceTree = "<group>"; };
		50DAFAC12922D679008CC486 /* Home.swift */ = {isa = PBXFileReference; lastKnownFileType = sourcecode.swift; path = Home.swift; sourceTree = "<group>"; };
		50DAFAC42922D68F008CC486 /* DummyHome.swift */ = {isa = PBXFileReference; lastKnownFileType = sourcecode.swift; path = DummyHome.swift; sourceTree = "<group>"; };
		50F4E98027A5BC4700ECD03F /* HomeCommunication.swift */ = {isa = PBXFileReference; lastKnownFileType = sourcecode.swift; path = HomeCommunication.swift; sourceTree = "<group>"; };
		50F4E98427A5BEF200ECD03F /* HomeState.swift */ = {isa = PBXFileReference; lastKnownFileType = sourcecode.swift; path = HomeState.swift; sourceTree = "<group>"; };
		50F4E98627A5ECD700ECD03F /* Our-Home-Info.plist */ = {isa = PBXFileReference; lastKnownFileType = text.plist; path = "Our-Home-Info.plist"; sourceTree = SOURCE_ROOT; };
/* End PBXFileReference section */

/* Begin PBXFrameworksBuildPhase section */
		501F335A2A98E94C006F957B /* Frameworks */ = {
			isa = PBXFrameworksBuildPhase;
			buildActionMask = 2147483647;
			files = (
				501F33912A98EA4F006F957B /* Defaults in Frameworks */,
				501F338F2A98EA46006F957B /* Authentication in Frameworks */,
				501F33932A98EA57006F957B /* KeychainAccess in Frameworks */,
			);
			runOnlyForDeploymentPostprocessing = 0;
		};
		503D1DB427A14EAB00FC8355 /* Frameworks */ = {
			isa = PBXFrameworksBuildPhase;
			buildActionMask = 2147483647;
			files = (
				5019DD132A62F73000B21D2E /* Defaults in Frameworks */,
				50292D77293B9CA800530CEB /* KeychainAccess in Frameworks */,
				5037F22C27A5F19C007D1BBA /* Authentication in Frameworks */,
			);
			runOnlyForDeploymentPostprocessing = 0;
		};
		505122012944CA7C00F78E5E /* Frameworks */ = {
			isa = PBXFrameworksBuildPhase;
			buildActionMask = 2147483647;
			files = (
			);
			runOnlyForDeploymentPostprocessing = 0;
		};
		50C2F13E2B72837F00806C8D /* Frameworks */ = {
			isa = PBXFrameworksBuildPhase;
			buildActionMask = 2147483647;
			files = (
				50C2F1452B72837F00806C8D /* SwiftUI.framework in Frameworks */,
				50C2F1432B72837F00806C8D /* WidgetKit.framework in Frameworks */,
			);
			runOnlyForDeploymentPostprocessing = 0;
		};
/* End PBXFrameworksBuildPhase section */

/* Begin PBXGroup section */
		5037F22827A5F18D007D1BBA /* Packages */ = {
			isa = PBXGroup;
			children = (
				5037F22927A5F18D007D1BBA /* Authentication */,
			);
			name = Packages;
			sourceTree = "<group>";
		};
		5037F2AE27A80DEE007D1BBA /* Settings */ = {
			isa = PBXGroup;
			children = (
				502C730F27A5B658006D0132 /* SettingsView.swift */,
				5037F2AF27A80E13007D1BBA /* AppVersion.swift */,
			);
			path = Settings;
			sourceTree = "<group>";
		};
		5037F2B427AAA929007D1BBA /* Shared */ = {
			isa = PBXGroup;
			children = (
				5039126A2A69CBFC0044B4A9 /* Lib */,
				5037F2AB27A80DA6007D1BBA /* Configuration.swift */,
				50DAFAC42922D68F008CC486 /* DummyHome.swift */,
				50DAFAC12922D679008CC486 /* Home.swift */,
				5037F23227A6BC57007D1BBA /* Task+Sleep.swift */,
				505121C82944C9B700F78E5E /* URLHandler.swift */,
				5051220F2944D34000F78E5E /* User.swift */,
				505122192944ECCD00F78E5E /* UserKeychain.swift */,
				50F4E98227A5BED100ECD03F /* Backend */,
				5037F2B527AAA961007D1BBA /* Views */,
				5019DD142A62F74C00B21D2E /* Defaults.swift */,
				503D1DBA27A14EAB00FC8355 /* OurHomeApp.swift */,
				5039124A2A6993BF0044B4A9 /* AppState.swift */,
			);
			path = Shared;
			sourceTree = "<group>";
		};
		5037F2B527AAA961007D1BBA /* Views */ = {
			isa = PBXGroup;
			children = (
				50A480A32A6A8A0D0082960C /* ActionButton.swift */,
				502C730B27A56A4A006D0132 /* BatteryIcon.swift */,
				503D1DBC27A14EAB00FC8355 /* ControllerView.swift */,
				505121C52943E58F00F78E5E /* CountdownView.swift */,
				502C730D27A56FDF006D0132 /* DoorHeader.swift */,
				502C730927A47DBB006D0132 /* SpinningButton.swift */,
				505122122944D37E00F78E5E /* UserView.swift */,
				5037F2AE27A80DEE007D1BBA /* Settings */,
				5057C76A2A6427DB00AE6E1E /* SettingsButtonLabel.swift */,
				50A480A62A6A8A260082960C /* ActionLabel.swift */,
			);
			path = Views;
			sourceTree = "<group>";
		};
		5039126A2A69CBFC0044B4A9 /* Lib */ = {
			isa = PBXGroup;
			children = (
				5088888C285357B4006B8808 /* NotificationProvider.swift */,
				5039126B2A69CC060044B4A9 /* Pinger.swift */,
			);
			path = Lib;
			sourceTree = "<group>";
		};
		503D1DAE27A14EAB00FC8355 = {
			isa = PBXGroup;
			children = (
				5037F2B427AAA929007D1BBA /* Shared */,
				5037F22827A5F18D007D1BBA /* Packages */,
				503D1DB927A14EAB00FC8355 /* iOS */,
				5059217A28BBC5FA005A4E3A /* Watch */,
				505122052944CA7C00F78E5E /* Our Home Tests */,
				50C2F1462B72837F00806C8D /* WatchWidget */,
				503D1DB827A14EAB00FC8355 /* Products */,
				5059219028BBC84B005A4E3A /* Frameworks */,
				5037F27627A7EE5A007D1BBA /* Config.xcconfig */,
			);
			indentWidth = 2;
			sourceTree = "<group>";
			tabWidth = 2;
		};
		503D1DB827A14EAB00FC8355 /* Products */ = {
			isa = PBXGroup;
			children = (
				503D1DB727A14EAB00FC8355 /* Our Home.app */,
				505122042944CA7C00F78E5E /* Our Home Tests.xctest */,
				501F33582A98E94C006F957B /* Our Home Watch.app */,
				501F335D2A98E94C006F957B /* Our Home Watch.app */,
				50C2F1412B72837F00806C8D /* WatchWidgetExtension.appex */,
			);
			name = Products;
			sourceTree = "<group>";
		};
		503D1DB927A14EAB00FC8355 /* iOS */ = {
			isa = PBXGroup;
			children = (
				503D1DBE27A14EAB00FC8355 /* Assets.xcassets */,
				5037F2B127A83C7D007D1BBA /* Our Home.entitlements */,
				50F4E98627A5ECD700ECD03F /* Our-Home-Info.plist */,
				50BBFFB128512E6B001F1006 /* LocationChecker.swift */,
				501F33502A98DF42006F957B /* AppDelegate.swift */,
			);
			path = iOS;
			sourceTree = "<group>";
		};
		505122052944CA7C00F78E5E /* Our Home Tests */ = {
			isa = PBXGroup;
			children = (
				5051220D2944CAAC00F78E5E /* URLHandlerTests.swift */,
				509A72B42A953AF30072F58F /* HomeStateTests.swift */,
			);
			path = "Our Home Tests";
			sourceTree = "<group>";
		};
		5059217A28BBC5FA005A4E3A /* Watch */ = {
			isa = PBXGroup;
			children = (
				50C2F1082B7260D900806C8D /* OHWatch-AppStore-App-Info.plist */,
				50C2F1072B72585200806C8D /* OHWatch-Watch-App-Info.plist */,
				501F33942A98ED86006F957B /* OHWatch Watch App.entitlements */,
				5059217F28BBC5FA005A4E3A /* Assets.xcassets */,
			);
			path = Watch;
			sourceTree = "<group>";
		};
		5059219028BBC84B005A4E3A /* Frameworks */ = {
			isa = PBXGroup;
			children = (
				50C2F1422B72837F00806C8D /* WidgetKit.framework */,
				50C2F1442B72837F00806C8D /* SwiftUI.framework */,
			);
			name = Frameworks;
			sourceTree = "<group>";
		};
		50C2F1462B72837F00806C8D /* WatchWidget */ = {
			isa = PBXGroup;
			children = (
				50C2F1472B72837F00806C8D /* WatchWidget.swift */,
				50C2F1492B72838000806C8D /* Assets.xcassets */,
				50C2F14B2B72838000806C8D /* Info.plist */,
			);
			path = WatchWidget;
			sourceTree = "<group>";
		};
		50F4E98227A5BED100ECD03F /* Backend */ = {
			isa = PBXGroup;
			children = (
				50F4E98327A5BEE300ECD03F /* Model */,
				50F4E98027A5BC4700ECD03F /* HomeCommunication.swift */,
			);
			path = Backend;
			sourceTree = "<group>";
		};
		50F4E98327A5BEE300ECD03F /* Model */ = {
			isa = PBXGroup;
			children = (
				50F4E98427A5BEF200ECD03F /* HomeState.swift */,
				505121BF2943DDFD00F78E5E /* DoorbellAction.swift */,
				5019DD192A62F89900B21D2E /* PushNotifications.swift */,
			);
			path = Model;
			sourceTree = "<group>";
		};
/* End PBXGroup section */

/* Begin PBXNativeTarget section */
		501F33572A98E94C006F957B /* OHWatch */ = {
			isa = PBXNativeTarget;
			buildConfigurationList = 501F336F2A98E94E006F957B /* Build configuration list for PBXNativeTarget "OHWatch" */;
			buildPhases = (
				501F33562A98E94C006F957B /* Resources */,
				501F336E2A98E94E006F957B /* Embed Watch Content */,
			);
			buildRules = (
			);
			dependencies = (
				501F33602A98E94C006F957B /* PBXTargetDependency */,
			);
			name = OHWatch;
			productName = OHWatch;
			productReference = 501F33582A98E94C006F957B /* Our Home Watch.app */;
			productType = "com.apple.product-type.application.watchapp2-container";
		};
		501F335C2A98E94C006F957B /* OHWatch Watch App */ = {
			isa = PBXNativeTarget;
			buildConfigurationList = 501F336B2A98E94E006F957B /* Build configuration list for PBXNativeTarget "OHWatch Watch App" */;
			buildPhases = (
				501F33592A98E94C006F957B /* Sources */,
				501F335A2A98E94C006F957B /* Frameworks */,
				501F335B2A98E94C006F957B /* Resources */,
				50C2F14F2B72838000806C8D /* Embed Foundation Extensions */,
			);
			buildRules = (
			);
			dependencies = (
				50C2F14D2B72838000806C8D /* PBXTargetDependency */,
			);
			name = "OHWatch Watch App";
			packageProductDependencies = (
				501F338E2A98EA46006F957B /* Authentication */,
				501F33902A98EA4F006F957B /* Defaults */,
				501F33922A98EA57006F957B /* KeychainAccess */,
			);
			productName = "OHWatch Watch App";
			productReference = 501F335D2A98E94C006F957B /* Our Home Watch.app */;
			productType = "com.apple.product-type.application";
		};
		503D1DB627A14EAB00FC8355 /* Our Home */ = {
			isa = PBXNativeTarget;
			buildConfigurationList = 503D1DC527A14EAB00FC8355 /* Build configuration list for PBXNativeTarget "Our Home" */;
			buildPhases = (
				503D1DB327A14EAB00FC8355 /* Sources */,
				503D1DB427A14EAB00FC8355 /* Frameworks */,
				503D1DB527A14EAB00FC8355 /* Resources */,
			);
			buildRules = (
			);
			dependencies = (
			);
			name = "Our Home";
			packageProductDependencies = (
				5037F22B27A5F19C007D1BBA /* Authentication */,
				50292D76293B9CA800530CEB /* KeychainAccess */,
				5019DD122A62F73000B21D2E /* Defaults */,
			);
			productName = "Our Home";
			productReference = 503D1DB727A14EAB00FC8355 /* Our Home.app */;
			productType = "com.apple.product-type.application";
		};
		505122032944CA7C00F78E5E /* Our Home Tests */ = {
			isa = PBXNativeTarget;
			buildConfigurationList = 5051220A2944CA7C00F78E5E /* Build configuration list for PBXNativeTarget "Our Home Tests" */;
			buildPhases = (
				505122002944CA7C00F78E5E /* Sources */,
				505122012944CA7C00F78E5E /* Frameworks */,
				505122022944CA7C00F78E5E /* Resources */,
			);
			buildRules = (
			);
			dependencies = (
				505122092944CA7C00F78E5E /* PBXTargetDependency */,
			);
			name = "Our Home Tests";
			productName = "Our Home Tests";
			productReference = 505122042944CA7C00F78E5E /* Our Home Tests.xctest */;
			productType = "com.apple.product-type.bundle.unit-test";
		};
		50C2F1402B72837F00806C8D /* WatchWidgetExtension */ = {
			isa = PBXNativeTarget;
			buildConfigurationList = 50C2F1522B72838000806C8D /* Build configuration list for PBXNativeTarget "WatchWidgetExtension" */;
			buildPhases = (
				50C2F13D2B72837F00806C8D /* Sources */,
				50C2F13E2B72837F00806C8D /* Frameworks */,
				50C2F13F2B72837F00806C8D /* Resources */,
			);
			buildRules = (
			);
			dependencies = (
			);
			name = WatchWidgetExtension;
			productName = WatchWidgetExtension;
			productReference = 50C2F1412B72837F00806C8D /* WatchWidgetExtension.appex */;
			productType = "com.apple.product-type.app-extension";
		};
/* End PBXNativeTarget section */

/* Begin PBXProject section */
		503D1DAF27A14EAB00FC8355 /* Project object */ = {
			isa = PBXProject;
			attributes = {
				BuildIndependentTargetsInParallel = 1;
				LastSwiftUpdateCheck = 1520;
				LastUpgradeCheck = 1320;
				TargetAttributes = {
					501F33572A98E94C006F957B = {
						CreatedOnToolsVersion = 15.0;
					};
					501F335C2A98E94C006F957B = {
						CreatedOnToolsVersion = 15.0;
					};
					503D1DB627A14EAB00FC8355 = {
						CreatedOnToolsVersion = 13.2.1;
					};
					505122032944CA7C00F78E5E = {
						CreatedOnToolsVersion = 14.1;
						TestTargetID = 503D1DB627A14EAB00FC8355;
					};
					50C2F1402B72837F00806C8D = {
						CreatedOnToolsVersion = 15.2;
					};
				};
			};
			buildConfigurationList = 503D1DB227A14EAB00FC8355 /* Build configuration list for PBXProject "Our Home" */;
			compatibilityVersion = "Xcode 13.0";
			developmentRegion = en;
			hasScannedForEncodings = 0;
			knownRegions = (
				en,
				Base,
			);
			mainGroup = 503D1DAE27A14EAB00FC8355;
			packageReferences = (
				50292D75293B9CA800530CEB /* XCRemoteSwiftPackageReference "KeychainAccess" */,
				5019DD112A62F73000B21D2E /* XCRemoteSwiftPackageReference "Defaults" */,
			);
			productRefGroup = 503D1DB827A14EAB00FC8355 /* Products */;
			projectDirPath = "";
			projectRoot = "";
			targets = (
				503D1DB627A14EAB00FC8355 /* Our Home */,
				505122032944CA7C00F78E5E /* Our Home Tests */,
				501F33572A98E94C006F957B /* OHWatch */,
				501F335C2A98E94C006F957B /* OHWatch Watch App */,
				50C2F1402B72837F00806C8D /* WatchWidgetExtension */,
			);
		};
/* End PBXProject section */

/* Begin PBXResourcesBuildPhase section */
		501F33562A98E94C006F957B /* Resources */ = {
			isa = PBXResourcesBuildPhase;
			buildActionMask = 2147483647;
			files = (
			);
			runOnlyForDeploymentPostprocessing = 0;
		};
		501F335B2A98E94C006F957B /* Resources */ = {
			isa = PBXResourcesBuildPhase;
			buildActionMask = 2147483647;
			files = (
				501F338D2A98EA13006F957B /* Assets.xcassets in Resources */,
			);
			runOnlyForDeploymentPostprocessing = 0;
		};
		503D1DB527A14EAB00FC8355 /* Resources */ = {
			isa = PBXResourcesBuildPhase;
			buildActionMask = 2147483647;
			files = (
				503D1DBF27A14EAB00FC8355 /* Assets.xcassets in Resources */,
				50C2F1092B7260D900806C8D /* OHWatch-AppStore-App-Info.plist in Resources */,
			);
			runOnlyForDeploymentPostprocessing = 0;
		};
		505122022944CA7C00F78E5E /* Resources */ = {
			isa = PBXResourcesBuildPhase;
			buildActionMask = 2147483647;
			files = (
			);
			runOnlyForDeploymentPostprocessing = 0;
		};
		50C2F13F2B72837F00806C8D /* Resources */ = {
			isa = PBXResourcesBuildPhase;
			buildActionMask = 2147483647;
			files = (
				50C2F14A2B72838000806C8D /* Assets.xcassets in Resources */,
			);
			runOnlyForDeploymentPostprocessing = 0;
		};
/* End PBXResourcesBuildPhase section */

/* Begin PBXSourcesBuildPhase section */
		501F33592A98E94C006F957B /* Sources */ = {
			isa = PBXSourcesBuildPhase;
			buildActionMask = 2147483647;
			files = (
				501F33772A98E988006F957B /* Pinger.swift in Sources */,
				501F33812A98E9A0006F957B /* SpinningButton.swift in Sources */,
				501F337C2A98E98E006F957B /* HomeCommunication.swift in Sources */,
				501F33722A98E975006F957B /* OurHomeApp.swift in Sources */,
				501F33732A98E988006F957B /* DummyHome.swift in Sources */,
				501F33752A98E988006F957B /* Configuration.swift in Sources */,
				501F33862A98E9A5006F957B /* AppVersion.swift in Sources */,
				501F33762A98E988006F957B /* URLHandler.swift in Sources */,
				501F33832A98E9A0006F957B /* UserView.swift in Sources */,
				501F338C2A98E9D7006F957B /* NotificationProvider.swift in Sources */,
				501F33822A98E9A0006F957B /* DoorHeader.swift in Sources */,
				501F337A2A98E988006F957B /* User.swift in Sources */,
				501F33882A98E9A5006F957B /* ActionLabel.swift in Sources */,
				501F338A2A98E9A5006F957B /* Defaults.swift in Sources */,
				501F33842A98E9A0006F957B /* ActionButton.swift in Sources */,
				501F33802A98E9A0006F957B /* BatteryIcon.swift in Sources */,
				501F337B2A98E98E006F957B /* HomeState.swift in Sources */,
				501F337D2A98E98E006F957B /* PushNotifications.swift in Sources */,
				501F33852A98E9A0006F957B /* ControllerView.swift in Sources */,
				501F33892A98E9A5006F957B /* SettingsButtonLabel.swift in Sources */,
				501F337E2A98E98E006F957B /* DoorbellAction.swift in Sources */,
				501F337F2A98E9A0006F957B /* CountdownView.swift in Sources */,
				501F33742A98E988006F957B /* UserKeychain.swift in Sources */,
				501F33792A98E988006F957B /* Home.swift in Sources */,
				501F338B2A98E9A5006F957B /* AppState.swift in Sources */,
				501F33782A98E988006F957B /* Task+Sleep.swift in Sources */,
				501F33872A98E9A5006F957B /* SettingsView.swift in Sources */,
			);
			runOnlyForDeploymentPostprocessing = 0;
		};
		503D1DB327A14EAB00FC8355 /* Sources */ = {
			isa = PBXSourcesBuildPhase;
			buildActionMask = 2147483647;
			files = (
				50BBFFB228512E6B001F1006 /* LocationChecker.swift in Sources */,
				5037F26627A70387007D1BBA /* ControllerView.swift in Sources */,
				505121C02943DDFD00F78E5E /* DoorbellAction.swift in Sources */,
				5037F2B027A80E13007D1BBA /* AppVersion.swift in Sources */,
				5019DD152A62F74C00B21D2E /* Defaults.swift in Sources */,
				502C731027A5B658006D0132 /* SettingsView.swift in Sources */,
				505122102944D34000F78E5E /* User.swift in Sources */,
				5037F23327A6BC57007D1BBA /* Task+Sleep.swift in Sources */,
				502C730E27A56FDF006D0132 /* DoorHeader.swift in Sources */,
				5019DD1A2A62F89900B21D2E /* PushNotifications.swift in Sources */,
				5037F2AC27A80DA6007D1BBA /* Configuration.swift in Sources */,
				50F4E98527A5BEF200ECD03F /* HomeState.swift in Sources */,
				5039126C2A69CF020044B4A9 /* Pinger.swift in Sources */,
				505121C62943E58F00F78E5E /* CountdownView.swift in Sources */,
				50F4E98127A5BC4700ECD03F /* HomeCommunication.swift in Sources */,
				503D1DBB27A14EAB00FC8355 /* OurHomeApp.swift in Sources */,
				50A480A42A6A8A0D0082960C /* ActionButton.swift in Sources */,
				502C730A27A47DBB006D0132 /* SpinningButton.swift in Sources */,
				5039124B2A6993BF0044B4A9 /* AppState.swift in Sources */,
				5088888D285357B4006B8808 /* NotificationProvider.swift in Sources */,
				501F33512A98DF42006F957B /* AppDelegate.swift in Sources */,
				5051221A2944ECCD00F78E5E /* UserKeychain.swift in Sources */,
				505121C92944C9B700F78E5E /* URLHandler.swift in Sources */,
				50A480A72A6A8A260082960C /* ActionLabel.swift in Sources */,
				50DAFAC52922D68F008CC486 /* DummyHome.swift in Sources */,
				50DAFAC22922D679008CC486 /* Home.swift in Sources */,
				502C730C27A56A4A006D0132 /* BatteryIcon.swift in Sources */,
				5057C76B2A6427DB00AE6E1E /* SettingsButtonLabel.swift in Sources */,
				505122172944D5B300F78E5E /* UserView.swift in Sources */,
			);
			runOnlyForDeploymentPostprocessing = 0;
		};
		505122002944CA7C00F78E5E /* Sources */ = {
			isa = PBXSourcesBuildPhase;
			buildActionMask = 2147483647;
			files = (
				509A72B52A953AF30072F58F /* HomeStateTests.swift in Sources */,
				5051220E2944CAAC00F78E5E /* URLHandlerTests.swift in Sources */,
			);
			runOnlyForDeploymentPostprocessing = 0;
		};
		50C2F13D2B72837F00806C8D /* Sources */ = {
			isa = PBXSourcesBuildPhase;
			buildActionMask = 2147483647;
			files = (
				50C2F1482B72837F00806C8D /* WatchWidget.swift in Sources */,
			);
			runOnlyForDeploymentPostprocessing = 0;
		};
/* End PBXSourcesBuildPhase section */

/* Begin PBXTargetDependency section */
		501F33602A98E94C006F957B /* PBXTargetDependency */ = {
			isa = PBXTargetDependency;
			target = 501F335C2A98E94C006F957B /* OHWatch Watch App */;
			targetProxy = 501F335F2A98E94C006F957B /* PBXContainerItemProxy */;
		};
		505122092944CA7C00F78E5E /* PBXTargetDependency */ = {
			isa = PBXTargetDependency;
			target = 503D1DB627A14EAB00FC8355 /* Our Home */;
			targetProxy = 505122082944CA7C00F78E5E /* PBXContainerItemProxy */;
		};
		50C2F14D2B72838000806C8D /* PBXTargetDependency */ = {
			isa = PBXTargetDependency;
			target = 50C2F1402B72837F00806C8D /* WatchWidgetExtension */;
			targetProxy = 50C2F14C2B72838000806C8D /* PBXContainerItemProxy */;
		};
/* End PBXTargetDependency section */

/* Begin XCBuildConfiguration section */
		501F336C2A98E94E006F957B /* Debug */ = {
			isa = XCBuildConfiguration;
			buildSettings = {
				ALWAYS_EMBED_SWIFT_STANDARD_LIBRARIES = YES;
				ASSETCATALOG_COMPILER_APPICON_NAME = AppIcon;
				ASSETCATALOG_COMPILER_GENERATE_SWIFT_ASSET_SYMBOL_EXTENSIONS = YES;
				ASSETCATALOG_COMPILER_GLOBAL_ACCENT_COLOR_NAME = AccentColor;
				CLANG_CXX_LANGUAGE_STANDARD = "gnu++20";
				CODE_SIGN_ENTITLEMENTS = "Watch/OHWatch Watch App.entitlements";
				CODE_SIGN_STYLE = Automatic;
				CURRENT_PROJECT_VERSION = 1;
				DEVELOPMENT_TEAM = ATMW4AU45H;
				ENABLE_PREVIEWS = YES;
				ENABLE_USER_SCRIPT_SANDBOXING = YES;
				GCC_C_LANGUAGE_STANDARD = gnu17;
				GENERATE_INFOPLIST_FILE = YES;
				INFOPLIST_FILE = "Watch/OHWatch-Watch-App-Info.plist";
				INFOPLIST_KEY_CFBundleDisplayName = "Our Home";
				INFOPLIST_KEY_UISupportedInterfaceOrientations = "UIInterfaceOrientationPortrait UIInterfaceOrientationPortraitUpsideDown";
				INFOPLIST_KEY_WKWatchOnly = YES;
				LD_RUNPATH_SEARCH_PATHS = (
					"$(inherited)",
					"@executable_path/Frameworks",
				);
				LOCALIZATION_PREFERS_STRING_CATALOGS = YES;
				MARKETING_VERSION = 1.0;
				PRODUCT_BUNDLE_IDENTIFIER = de.343max.OurHome.OHWatch.watchkitapp;
				PRODUCT_NAME = "Our Home Watch";
				SDKROOT = watchos;
				SKIP_INSTALL = YES;
				SWIFT_ACTIVE_COMPILATION_CONDITIONS = "DEBUG $(inherited)";
				SWIFT_EMIT_LOC_STRINGS = YES;
				SWIFT_VERSION = 5.0;
				TARGETED_DEVICE_FAMILY = 4;
				WATCHOS_DEPLOYMENT_TARGET = 10.2;
			};
			name = Debug;
		};
		501F336D2A98E94E006F957B /* Release */ = {
			isa = XCBuildConfiguration;
			buildSettings = {
				ALWAYS_EMBED_SWIFT_STANDARD_LIBRARIES = YES;
				ASSETCATALOG_COMPILER_APPICON_NAME = AppIcon;
				ASSETCATALOG_COMPILER_GENERATE_SWIFT_ASSET_SYMBOL_EXTENSIONS = YES;
				ASSETCATALOG_COMPILER_GLOBAL_ACCENT_COLOR_NAME = AccentColor;
				CLANG_CXX_LANGUAGE_STANDARD = "gnu++20";
				CODE_SIGN_ENTITLEMENTS = "Watch/OHWatch Watch App.entitlements";
				CODE_SIGN_STYLE = Automatic;
				CURRENT_PROJECT_VERSION = 1;
				DEVELOPMENT_TEAM = ATMW4AU45H;
				ENABLE_PREVIEWS = YES;
				ENABLE_USER_SCRIPT_SANDBOXING = YES;
				GCC_C_LANGUAGE_STANDARD = gnu17;
				GENERATE_INFOPLIST_FILE = YES;
				INFOPLIST_FILE = "Watch/OHWatch-Watch-App-Info.plist";
				INFOPLIST_KEY_CFBundleDisplayName = "Our Home";
				INFOPLIST_KEY_UISupportedInterfaceOrientations = "UIInterfaceOrientationPortrait UIInterfaceOrientationPortraitUpsideDown";
				INFOPLIST_KEY_WKWatchOnly = YES;
				LD_RUNPATH_SEARCH_PATHS = (
					"$(inherited)",
					"@executable_path/Frameworks",
				);
				LOCALIZATION_PREFERS_STRING_CATALOGS = YES;
				MARKETING_VERSION = 1.0;
				PRODUCT_BUNDLE_IDENTIFIER = de.343max.OurHome.OHWatch.watchkitapp;
				PRODUCT_NAME = "Our Home Watch";
				SDKROOT = watchos;
				SKIP_INSTALL = YES;
				SWIFT_EMIT_LOC_STRINGS = YES;
				SWIFT_VERSION = 5.0;
				TARGETED_DEVICE_FAMILY = 4;
				WATCHOS_DEPLOYMENT_TARGET = 10.2;
			};
			name = Release;
		};
		501F33702A98E94E006F957B /* Debug */ = {
			isa = XCBuildConfiguration;
			buildSettings = {
				ALWAYS_EMBED_SWIFT_STANDARD_LIBRARIES = YES;
				ASSETCATALOG_COMPILER_GENERATE_SWIFT_ASSET_SYMBOL_EXTENSIONS = YES;
				CLANG_CXX_LANGUAGE_STANDARD = "gnu++20";
				CODE_SIGN_STYLE = Automatic;
				CURRENT_PROJECT_VERSION = 1;
				DEVELOPMENT_TEAM = ATMW4AU45H;
				ENABLE_USER_SCRIPT_SANDBOXING = YES;
				GCC_C_LANGUAGE_STANDARD = gnu17;
				INFOPLIST_FILE = "Watch/OHWatch-AppStore-App-Info.plist";
				INFOPLIST_KEY_CFBundleDisplayName = "Our Home Watch";
				LOCALIZATION_PREFERS_STRING_CATALOGS = YES;
				MARKETING_VERSION = 1.0;
				PRODUCT_BUNDLE_IDENTIFIER = de.343max.OurHome.OHWatch;
				PRODUCT_NAME = "Our Home Watch";
				SWIFT_ACTIVE_COMPILATION_CONDITIONS = "DEBUG $(inherited)";
				SWIFT_VERSION = 5.0;
			};
			name = Debug;
		};
		501F33712A98E94E006F957B /* Release */ = {
			isa = XCBuildConfiguration;
			buildSettings = {
				ALWAYS_EMBED_SWIFT_STANDARD_LIBRARIES = YES;
				ASSETCATALOG_COMPILER_GENERATE_SWIFT_ASSET_SYMBOL_EXTENSIONS = YES;
				CLANG_CXX_LANGUAGE_STANDARD = "gnu++20";
				CODE_SIGN_STYLE = Automatic;
				CURRENT_PROJECT_VERSION = 1;
				DEVELOPMENT_TEAM = ATMW4AU45H;
				ENABLE_USER_SCRIPT_SANDBOXING = YES;
				GCC_C_LANGUAGE_STANDARD = gnu17;
				INFOPLIST_FILE = "Watch/OHWatch-AppStore-App-Info.plist";
				INFOPLIST_KEY_CFBundleDisplayName = "Our Home Watch";
				LOCALIZATION_PREFERS_STRING_CATALOGS = YES;
				MARKETING_VERSION = 1.0;
				PRODUCT_BUNDLE_IDENTIFIER = de.343max.OurHome.OHWatch;
				PRODUCT_NAME = "Our Home Watch";
				SWIFT_VERSION = 5.0;
			};
			name = Release;
		};
		503D1DC327A14EAB00FC8355 /* Debug */ = {
			isa = XCBuildConfiguration;
			buildSettings = {
				ALWAYS_SEARCH_USER_PATHS = NO;
				CLANG_ANALYZER_NONNULL = YES;
				CLANG_ANALYZER_NUMBER_OBJECT_CONVERSION = YES_AGGRESSIVE;
				CLANG_CXX_LANGUAGE_STANDARD = "gnu++17";
				CLANG_CXX_LIBRARY = "libc++";
				CLANG_ENABLE_MODULES = YES;
				CLANG_ENABLE_OBJC_ARC = YES;
				CLANG_ENABLE_OBJC_WEAK = YES;
				CLANG_WARN_BLOCK_CAPTURE_AUTORELEASING = YES;
				CLANG_WARN_BOOL_CONVERSION = YES;
				CLANG_WARN_COMMA = YES;
				CLANG_WARN_CONSTANT_CONVERSION = YES;
				CLANG_WARN_DEPRECATED_OBJC_IMPLEMENTATIONS = YES;
				CLANG_WARN_DIRECT_OBJC_ISA_USAGE = YES_ERROR;
				CLANG_WARN_DOCUMENTATION_COMMENTS = YES;
				CLANG_WARN_EMPTY_BODY = YES;
				CLANG_WARN_ENUM_CONVERSION = YES;
				CLANG_WARN_INFINITE_RECURSION = YES;
				CLANG_WARN_INT_CONVERSION = YES;
				CLANG_WARN_NON_LITERAL_NULL_CONVERSION = YES;
				CLANG_WARN_OBJC_IMPLICIT_RETAIN_SELF = YES;
				CLANG_WARN_OBJC_LITERAL_CONVERSION = YES;
				CLANG_WARN_OBJC_ROOT_CLASS = YES_ERROR;
				CLANG_WARN_QUOTED_INCLUDE_IN_FRAMEWORK_HEADER = YES;
				CLANG_WARN_RANGE_LOOP_ANALYSIS = YES;
				CLANG_WARN_STRICT_PROTOTYPES = YES;
				CLANG_WARN_SUSPICIOUS_MOVE = YES;
				CLANG_WARN_UNGUARDED_AVAILABILITY = YES_AGGRESSIVE;
				CLANG_WARN_UNREACHABLE_CODE = YES;
				CLANG_WARN__DUPLICATE_METHOD_MATCH = YES;
				COPY_PHASE_STRIP = NO;
				CURRENT_PROJECT_VERSION = "$(BUILD_NUMBER:default=0)";
				DEBUG_INFORMATION_FORMAT = dwarf;
				ENABLE_BITCODE = NO;
				ENABLE_STRICT_OBJC_MSGSEND = YES;
				ENABLE_TESTABILITY = YES;
				GCC_C_LANGUAGE_STANDARD = gnu11;
				GCC_DYNAMIC_NO_PIC = NO;
				GCC_NO_COMMON_BLOCKS = YES;
				GCC_OPTIMIZATION_LEVEL = 0;
				GCC_PREPROCESSOR_DEFINITIONS = (
					"DEBUG=1",
					"$(inherited)",
				);
				GCC_WARN_64_TO_32_BIT_CONVERSION = YES;
				GCC_WARN_ABOUT_RETURN_TYPE = YES_ERROR;
				GCC_WARN_UNDECLARED_SELECTOR = YES;
				GCC_WARN_UNINITIALIZED_AUTOS = YES_AGGRESSIVE;
				GCC_WARN_UNUSED_FUNCTION = YES;
				GCC_WARN_UNUSED_VARIABLE = YES;
				IPHONEOS_DEPLOYMENT_TARGET = 16.0;
				MTL_ENABLE_DEBUG_INFO = INCLUDE_SOURCE;
				MTL_FAST_MATH = YES;
				ONLY_ACTIVE_ARCH = YES;
				OTHER_LDFLAGS = (
					"-Xlinker",
					"-interposable",
				);
				SDKROOT = iphoneos;
				SWIFT_ACTIVE_COMPILATION_CONDITIONS = DEBUG;
				SWIFT_OPTIMIZATION_LEVEL = "-Onone";
			};
			name = Debug;
		};
		503D1DC427A14EAB00FC8355 /* Release */ = {
			isa = XCBuildConfiguration;
			baseConfigurationReference = 5037F27627A7EE5A007D1BBA /* Config.xcconfig */;
			buildSettings = {
				ALWAYS_SEARCH_USER_PATHS = NO;
				CLANG_ANALYZER_NONNULL = YES;
				CLANG_ANALYZER_NUMBER_OBJECT_CONVERSION = YES_AGGRESSIVE;
				CLANG_CXX_LANGUAGE_STANDARD = "gnu++17";
				CLANG_CXX_LIBRARY = "libc++";
				CLANG_ENABLE_MODULES = YES;
				CLANG_ENABLE_OBJC_ARC = YES;
				CLANG_ENABLE_OBJC_WEAK = YES;
				CLANG_WARN_BLOCK_CAPTURE_AUTORELEASING = YES;
				CLANG_WARN_BOOL_CONVERSION = YES;
				CLANG_WARN_COMMA = YES;
				CLANG_WARN_CONSTANT_CONVERSION = YES;
				CLANG_WARN_DEPRECATED_OBJC_IMPLEMENTATIONS = YES;
				CLANG_WARN_DIRECT_OBJC_ISA_USAGE = YES_ERROR;
				CLANG_WARN_DOCUMENTATION_COMMENTS = YES;
				CLANG_WARN_EMPTY_BODY = YES;
				CLANG_WARN_ENUM_CONVERSION = YES;
				CLANG_WARN_INFINITE_RECURSION = YES;
				CLANG_WARN_INT_CONVERSION = YES;
				CLANG_WARN_NON_LITERAL_NULL_CONVERSION = YES;
				CLANG_WARN_OBJC_IMPLICIT_RETAIN_SELF = YES;
				CLANG_WARN_OBJC_LITERAL_CONVERSION = YES;
				CLANG_WARN_OBJC_ROOT_CLASS = YES_ERROR;
				CLANG_WARN_QUOTED_INCLUDE_IN_FRAMEWORK_HEADER = YES;
				CLANG_WARN_RANGE_LOOP_ANALYSIS = YES;
				CLANG_WARN_STRICT_PROTOTYPES = YES;
				CLANG_WARN_SUSPICIOUS_MOVE = YES;
				CLANG_WARN_UNGUARDED_AVAILABILITY = YES_AGGRESSIVE;
				CLANG_WARN_UNREACHABLE_CODE = YES;
				CLANG_WARN__DUPLICATE_METHOD_MATCH = YES;
				COPY_PHASE_STRIP = NO;
				CURRENT_PROJECT_VERSION = "$(BUILD_NUMBER:default=0)";
				DEBUG_INFORMATION_FORMAT = "dwarf-with-dsym";
				ENABLE_BITCODE = NO;
				ENABLE_NS_ASSERTIONS = NO;
				ENABLE_STRICT_OBJC_MSGSEND = YES;
				GCC_C_LANGUAGE_STANDARD = gnu11;
				GCC_NO_COMMON_BLOCKS = YES;
				GCC_WARN_64_TO_32_BIT_CONVERSION = YES;
				GCC_WARN_ABOUT_RETURN_TYPE = YES_ERROR;
				GCC_WARN_UNDECLARED_SELECTOR = YES;
				GCC_WARN_UNINITIALIZED_AUTOS = YES_AGGRESSIVE;
				GCC_WARN_UNUSED_FUNCTION = YES;
				GCC_WARN_UNUSED_VARIABLE = YES;
				IPHONEOS_DEPLOYMENT_TARGET = 16.0;
				MTL_ENABLE_DEBUG_INFO = NO;
				MTL_FAST_MATH = YES;
				SDKROOT = iphoneos;
				SWIFT_COMPILATION_MODE = wholemodule;
				SWIFT_OPTIMIZATION_LEVEL = "-O";
				VALIDATE_PRODUCT = YES;
			};
			name = Release;
		};
		503D1DC627A14EAB00FC8355 /* Debug */ = {
			isa = XCBuildConfiguration;
			buildSettings = {
				ASSETCATALOG_COMPILER_APPICON_NAME = AppIcon;
				ASSETCATALOG_COMPILER_GLOBAL_ACCENT_COLOR_NAME = AccentColor;
				CODE_SIGN_ENTITLEMENTS = "iOS/Our Home.entitlements";
				CODE_SIGN_STYLE = Automatic;
				DEVELOPMENT_TEAM = ATMW4AU45H;
				ENABLE_PREVIEWS = YES;
				GENERATE_INFOPLIST_FILE = YES;
				INFOPLIST_FILE = "Our-Home-Info.plist";
				INFOPLIST_KEY_NSLocationAlwaysAndWhenInUseUsageDescription = "Um eine Türöffner-Notification anzeigen zu können sobald du dich deinem zuhause näherst wird deine aktuelle Position benötigt.";
				INFOPLIST_KEY_NSLocationWhenInUseUsageDescription = "Um eine Türöffner-Notification anzeigen zu können sobald du dich deinem zuhause näherst wird deine aktuelle Position benötigt.";
				INFOPLIST_KEY_UIApplicationSupportsIndirectInputEvents = YES;
				INFOPLIST_KEY_UILaunchScreen_Generation = YES;
				INFOPLIST_KEY_UISupportedInterfaceOrientations_iPad = "UIInterfaceOrientationPortrait UIInterfaceOrientationPortraitUpsideDown UIInterfaceOrientationLandscapeLeft UIInterfaceOrientationLandscapeRight";
				INFOPLIST_KEY_UISupportedInterfaceOrientations_iPhone = "UIInterfaceOrientationPortrait UIInterfaceOrientationLandscapeLeft UIInterfaceOrientationLandscapeRight";
				LD_RUNPATH_SEARCH_PATHS = (
					"$(inherited)",
					"@executable_path/Frameworks",
				);
				MARKETING_VERSION = 1.1;
				PRODUCT_BUNDLE_IDENTIFIER = "de.343max.ourhome.Our-Home";
				PRODUCT_NAME = "$(TARGET_NAME)";
				SWIFT_EMIT_LOC_STRINGS = YES;
				SWIFT_VERSION = 5.0;
				TARGETED_DEVICE_FAMILY = 1;
			};
			name = Debug;
		};
		503D1DC727A14EAB00FC8355 /* Release */ = {
			isa = XCBuildConfiguration;
			buildSettings = {
				ASSETCATALOG_COMPILER_APPICON_NAME = AppIcon;
				ASSETCATALOG_COMPILER_GLOBAL_ACCENT_COLOR_NAME = AccentColor;
				CODE_SIGN_ENTITLEMENTS = "iOS/Our Home.entitlements";
				CODE_SIGN_STYLE = Automatic;
				DEVELOPMENT_TEAM = ATMW4AU45H;
				ENABLE_PREVIEWS = YES;
				GENERATE_INFOPLIST_FILE = YES;
				INFOPLIST_FILE = "Our-Home-Info.plist";
				INFOPLIST_KEY_NSLocationAlwaysAndWhenInUseUsageDescription = "Um eine Türöffner-Notification anzeigen zu können sobald du dich deinem zuhause näherst wird deine aktuelle Position benötigt.";
				INFOPLIST_KEY_NSLocationWhenInUseUsageDescription = "Um eine Türöffner-Notification anzeigen zu können sobald du dich deinem zuhause näherst wird deine aktuelle Position benötigt.";
				INFOPLIST_KEY_UIApplicationSupportsIndirectInputEvents = YES;
				INFOPLIST_KEY_UILaunchScreen_Generation = YES;
				INFOPLIST_KEY_UISupportedInterfaceOrientations_iPad = "UIInterfaceOrientationPortrait UIInterfaceOrientationPortraitUpsideDown UIInterfaceOrientationLandscapeLeft UIInterfaceOrientationLandscapeRight";
				INFOPLIST_KEY_UISupportedInterfaceOrientations_iPhone = "UIInterfaceOrientationPortrait UIInterfaceOrientationLandscapeLeft UIInterfaceOrientationLandscapeRight";
				LD_RUNPATH_SEARCH_PATHS = (
					"$(inherited)",
					"@executable_path/Frameworks",
				);
				MARKETING_VERSION = 1.1;
				PRODUCT_BUNDLE_IDENTIFIER = "de.343max.ourhome.Our-Home";
				PRODUCT_NAME = "$(TARGET_NAME)";
				SWIFT_EMIT_LOC_STRINGS = YES;
				SWIFT_VERSION = 5.0;
				TARGETED_DEVICE_FAMILY = 1;
			};
			name = Release;
		};
		5051220B2944CA7C00F78E5E /* Debug */ = {
			isa = XCBuildConfiguration;
			buildSettings = {
				BUNDLE_LOADER = "$(TEST_HOST)";
				CLANG_CXX_LANGUAGE_STANDARD = "gnu++20";
				CODE_SIGN_STYLE = Automatic;
				CURRENT_PROJECT_VERSION = 1;
				DEVELOPMENT_TEAM = ATMW4AU45H;
				GENERATE_INFOPLIST_FILE = YES;
				IPHONEOS_DEPLOYMENT_TARGET = 16.1;
				MARKETING_VERSION = 1.0;
				PRODUCT_BUNDLE_IDENTIFIER = "de.343max.Our-Home-Tests";
				PRODUCT_NAME = "$(TARGET_NAME)";
				SWIFT_EMIT_LOC_STRINGS = NO;
				SWIFT_VERSION = 5.0;
				TARGETED_DEVICE_FAMILY = "1,2";
				TEST_HOST = "$(BUILT_PRODUCTS_DIR)/Our Home.app/$(BUNDLE_EXECUTABLE_FOLDER_PATH)/Our Home";
			};
			name = Debug;
		};
		5051220C2944CA7C00F78E5E /* Release */ = {
			isa = XCBuildConfiguration;
			buildSettings = {
				BUNDLE_LOADER = "$(TEST_HOST)";
				CLANG_CXX_LANGUAGE_STANDARD = "gnu++20";
				CODE_SIGN_STYLE = Automatic;
				CURRENT_PROJECT_VERSION = 1;
				DEVELOPMENT_TEAM = ATMW4AU45H;
				GENERATE_INFOPLIST_FILE = YES;
				IPHONEOS_DEPLOYMENT_TARGET = 16.1;
				MARKETING_VERSION = 1.0;
				PRODUCT_BUNDLE_IDENTIFIER = "de.343max.Our-Home-Tests";
				PRODUCT_NAME = "$(TARGET_NAME)";
				SWIFT_EMIT_LOC_STRINGS = NO;
				SWIFT_VERSION = 5.0;
				TARGETED_DEVICE_FAMILY = "1,2";
				TEST_HOST = "$(BUILT_PRODUCTS_DIR)/Our Home.app/$(BUNDLE_EXECUTABLE_FOLDER_PATH)/Our Home";
			};
			name = Release;
		};
		50C2F1502B72838000806C8D /* Debug */ = {
			isa = XCBuildConfiguration;
			buildSettings = {
				ASSETCATALOG_COMPILER_GENERATE_SWIFT_ASSET_SYMBOL_EXTENSIONS = YES;
				ASSETCATALOG_COMPILER_GLOBAL_ACCENT_COLOR_NAME = AccentColor;
				ASSETCATALOG_COMPILER_WIDGET_BACKGROUND_COLOR_NAME = WidgetBackground;
				CLANG_CXX_LANGUAGE_STANDARD = "gnu++20";
				CODE_SIGN_STYLE = Automatic;
				CURRENT_PROJECT_VERSION = 1;
				DEVELOPMENT_TEAM = ATMW4AU45H;
				ENABLE_USER_SCRIPT_SANDBOXING = YES;
				GCC_C_LANGUAGE_STANDARD = gnu17;
				GENERATE_INFOPLIST_FILE = YES;
				INFOPLIST_FILE = WatchWidget/Info.plist;
				INFOPLIST_KEY_CFBundleDisplayName = WatchWidget;
				INFOPLIST_KEY_NSHumanReadableCopyright = "";
				LD_RUNPATH_SEARCH_PATHS = (
					"$(inherited)",
					"@executable_path/Frameworks",
					"@executable_path/../../Frameworks",
					"@executable_path/../../../../Frameworks",
				);
				LOCALIZATION_PREFERS_STRING_CATALOGS = YES;
				MARKETING_VERSION = 1.0;
				PRODUCT_BUNDLE_IDENTIFIER = de.343max.OurHome.OHWatch.watchkitapp.WatchWidget;
				PRODUCT_NAME = "$(TARGET_NAME)";
				SDKROOT = watchos;
				SKIP_INSTALL = YES;
				SWIFT_ACTIVE_COMPILATION_CONDITIONS = "DEBUG $(inherited)";
				SWIFT_EMIT_LOC_STRINGS = YES;
				SWIFT_VERSION = 5.0;
				TARGETED_DEVICE_FAMILY = 4;
				WATCHOS_DEPLOYMENT_TARGET = 10.2;
			};
			name = Debug;
		};
		50C2F1512B72838000806C8D /* Release */ = {
			isa = XCBuildConfiguration;
			buildSettings = {
				ASSETCATALOG_COMPILER_GENERATE_SWIFT_ASSET_SYMBOL_EXTENSIONS = YES;
				ASSETCATALOG_COMPILER_GLOBAL_ACCENT_COLOR_NAME = AccentColor;
				ASSETCATALOG_COMPILER_WIDGET_BACKGROUND_COLOR_NAME = WidgetBackground;
				CLANG_CXX_LANGUAGE_STANDARD = "gnu++20";
				CODE_SIGN_STYLE = Automatic;
				CURRENT_PROJECT_VERSION = 1;
				DEVELOPMENT_TEAM = ATMW4AU45H;
				ENABLE_USER_SCRIPT_SANDBOXING = YES;
				GCC_C_LANGUAGE_STANDARD = gnu17;
				GENERATE_INFOPLIST_FILE = YES;
				INFOPLIST_FILE = WatchWidget/Info.plist;
				INFOPLIST_KEY_CFBundleDisplayName = WatchWidget;
				INFOPLIST_KEY_NSHumanReadableCopyright = "";
				LD_RUNPATH_SEARCH_PATHS = (
					"$(inherited)",
					"@executable_path/Frameworks",
					"@executable_path/../../Frameworks",
					"@executable_path/../../../../Frameworks",
				);
				LOCALIZATION_PREFERS_STRING_CATALOGS = YES;
				MARKETING_VERSION = 1.0;
				PRODUCT_BUNDLE_IDENTIFIER = de.343max.OurHome.OHWatch.watchkitapp.WatchWidget;
				PRODUCT_NAME = "$(TARGET_NAME)";
				SDKROOT = watchos;
				SKIP_INSTALL = YES;
				SWIFT_EMIT_LOC_STRINGS = YES;
				SWIFT_VERSION = 5.0;
				TARGETED_DEVICE_FAMILY = 4;
				WATCHOS_DEPLOYMENT_TARGET = 10.2;
			};
			name = Release;
		};
/* End XCBuildConfiguration section */

/* Begin XCConfigurationList section */
		501F336B2A98E94E006F957B /* Build configuration list for PBXNativeTarget "OHWatch Watch App" */ = {
			isa = XCConfigurationList;
			buildConfigurations = (
				501F336C2A98E94E006F957B /* Debug */,
				501F336D2A98E94E006F957B /* Release */,
			);
			defaultConfigurationIsVisible = 0;
			defaultConfigurationName = Release;
		};
		501F336F2A98E94E006F957B /* Build configuration list for PBXNativeTarget "OHWatch" */ = {
			isa = XCConfigurationList;
			buildConfigurations = (
				501F33702A98E94E006F957B /* Debug */,
				501F33712A98E94E006F957B /* Release */,
			);
			defaultConfigurationIsVisible = 0;
			defaultConfigurationName = Release;
		};
		503D1DB227A14EAB00FC8355 /* Build configuration list for PBXProject "Our Home" */ = {
			isa = XCConfigurationList;
			buildConfigurations = (
				503D1DC327A14EAB00FC8355 /* Debug */,
				503D1DC427A14EAB00FC8355 /* Release */,
			);
			defaultConfigurationIsVisible = 0;
			defaultConfigurationName = Release;
		};
		503D1DC527A14EAB00FC8355 /* Build configuration list for PBXNativeTarget "Our Home" */ = {
			isa = XCConfigurationList;
			buildConfigurations = (
				503D1DC627A14EAB00FC8355 /* Debug */,
				503D1DC727A14EAB00FC8355 /* Release */,
			);
			defaultConfigurationIsVisible = 0;
			defaultConfigurationName = Release;
		};
		5051220A2944CA7C00F78E5E /* Build configuration list for PBXNativeTarget "Our Home Tests" */ = {
			isa = XCConfigurationList;
			buildConfigurations = (
				5051220B2944CA7C00F78E5E /* Debug */,
				5051220C2944CA7C00F78E5E /* Release */,
			);
			defaultConfigurationIsVisible = 0;
			defaultConfigurationName = Release;
		};
		50C2F1522B72838000806C8D /* Build configuration list for PBXNativeTarget "WatchWidgetExtension" */ = {
			isa = XCConfigurationList;
			buildConfigurations = (
				50C2F1502B72838000806C8D /* Debug */,
				50C2F1512B72838000806C8D /* Release */,
			);
			defaultConfigurationIsVisible = 0;
			defaultConfigurationName = Release;
		};
/* End XCConfigurationList section */

/* Begin XCRemoteSwiftPackageReference section */
		5019DD112A62F73000B21D2E /* XCRemoteSwiftPackageReference "Defaults" */ = {
			isa = XCRemoteSwiftPackageReference;
			repositoryURL = "https://github.com/sindresorhus/Defaults";
			requirement = {
				branch = main;
				kind = branch;
			};
		};
		50292D75293B9CA800530CEB /* XCRemoteSwiftPackageReference "KeychainAccess" */ = {
			isa = XCRemoteSwiftPackageReference;
			repositoryURL = "https://github.com/kishikawakatsumi/KeychainAccess.git";
			requirement = {
				branch = master;
				kind = branch;
			};
		};
/* End XCRemoteSwiftPackageReference section */

/* Begin XCSwiftPackageProductDependency section */
		5019DD122A62F73000B21D2E /* Defaults */ = {
			isa = XCSwiftPackageProductDependency;
			package = 5019DD112A62F73000B21D2E /* XCRemoteSwiftPackageReference "Defaults" */;
			productName = Defaults;
		};
		501F338E2A98EA46006F957B /* Authentication */ = {
			isa = XCSwiftPackageProductDependency;
			productName = Authentication;
		};
		501F33902A98EA4F006F957B /* Defaults */ = {
			isa = XCSwiftPackageProductDependency;
			package = 5019DD112A62F73000B21D2E /* XCRemoteSwiftPackageReference "Defaults" */;
			productName = Defaults;
		};
		501F33922A98EA57006F957B /* KeychainAccess */ = {
			isa = XCSwiftPackageProductDependency;
			package = 50292D75293B9CA800530CEB /* XCRemoteSwiftPackageReference "KeychainAccess" */;
			productName = KeychainAccess;
		};
		50292D76293B9CA800530CEB /* KeychainAccess */ = {
			isa = XCSwiftPackageProductDependency;
			package = 50292D75293B9CA800530CEB /* XCRemoteSwiftPackageReference "KeychainAccess" */;
			productName = KeychainAccess;
		};
		5037F22B27A5F19C007D1BBA /* Authentication */ = {
			isa = XCSwiftPackageProductDependency;
			productName = Authentication;
		};
/* End XCSwiftPackageProductDependency section */
	};
	rootObject = 503D1DAF27A14EAB00FC8355 /* Project object */;
}
