// !$*UTF8*$!
{
	archiveVersion = 1;
	classes = {
	};
	objectVersion = 55;
	objects = {

/* Begin PBXBuildFile section */
		50292D77293B9CA800530CEB /* KeychainAccess in Frameworks */ = {isa = PBXBuildFile; productRef = 50292D76293B9CA800530CEB /* KeychainAccess */; };
		502C730A27A47DBB006D0132 /* SpinningButton.swift in Sources */ = {isa = PBXBuildFile; fileRef = 502C730927A47DBB006D0132 /* SpinningButton.swift */; };
		502C730C27A56A4A006D0132 /* BatteryIcon.swift in Sources */ = {isa = PBXBuildFile; fileRef = 502C730B27A56A4A006D0132 /* BatteryIcon.swift */; };
		502C730E27A56FDF006D0132 /* DoorHeader.swift in Sources */ = {isa = PBXBuildFile; fileRef = 502C730D27A56FDF006D0132 /* DoorHeader.swift */; };
		502C731027A5B658006D0132 /* SettingsView.swift in Sources */ = {isa = PBXBuildFile; fileRef = 502C730F27A5B658006D0132 /* SettingsView.swift */; };
		5037F22C27A5F19C007D1BBA /* Authentication in Frameworks */ = {isa = PBXBuildFile; productRef = 5037F22B27A5F19C007D1BBA /* Authentication */; };
		5037F23127A6B838007D1BBA /* BuzzerButton.swift in Sources */ = {isa = PBXBuildFile; fileRef = 5037F23027A6B838007D1BBA /* BuzzerButton.swift */; };
		5037F23327A6BC57007D1BBA /* Task+Sleep.swift in Sources */ = {isa = PBXBuildFile; fileRef = 5037F23227A6BC57007D1BBA /* Task+Sleep.swift */; };
		5037F23527A6C1AB007D1BBA /* UnlatchDoorButton.swift in Sources */ = {isa = PBXBuildFile; fileRef = 5037F23427A6C1AB007D1BBA /* UnlatchDoorButton.swift */; };
		5037F23727A6C61E007D1BBA /* LockDoorButton.swift in Sources */ = {isa = PBXBuildFile; fileRef = 5037F23627A6C61E007D1BBA /* LockDoorButton.swift */; };
		5037F23927A6C63D007D1BBA /* UnlockDoorButton.swift in Sources */ = {isa = PBXBuildFile; fileRef = 5037F23827A6C63D007D1BBA /* UnlockDoorButton.swift */; };
		5037F26627A70387007D1BBA /* ControllerView.swift in Sources */ = {isa = PBXBuildFile; fileRef = 503D1DBC27A14EAB00FC8355 /* ControllerView.swift */; };
		5037F2AC27A80DA6007D1BBA /* Configuration.swift in Sources */ = {isa = PBXBuildFile; fileRef = 5037F2AB27A80DA6007D1BBA /* Configuration.swift */; };
		5037F2B027A80E13007D1BBA /* AppVersion.swift in Sources */ = {isa = PBXBuildFile; fileRef = 5037F2AF27A80E13007D1BBA /* AppVersion.swift */; };
		5037F2BA27ABF39E007D1BBA /* LoggedOutView.swift in Sources */ = {isa = PBXBuildFile; fileRef = 5037F2B927ABF39E007D1BBA /* LoggedOutView.swift */; };
		503D1DBB27A14EAB00FC8355 /* OurHomeApp.swift in Sources */ = {isa = PBXBuildFile; fileRef = 503D1DBA27A14EAB00FC8355 /* OurHomeApp.swift */; };
		503D1DBF27A14EAB00FC8355 /* Assets.xcassets in Resources */ = {isa = PBXBuildFile; fileRef = 503D1DBE27A14EAB00FC8355 /* Assets.xcassets */; };
		504003AA28C9F01000AD6EFD /* AppSecrets.swift in Sources */ = {isa = PBXBuildFile; fileRef = 504003A928C9F01000AD6EFD /* AppSecrets.swift */; };
		504003AB28C9F01000AD6EFD /* AppSecrets.swift in Sources */ = {isa = PBXBuildFile; fileRef = 504003A928C9F01000AD6EFD /* AppSecrets.swift */; };
		505121C02943DDFD00F78E5E /* DoorbellAction.swift in Sources */ = {isa = PBXBuildFile; fileRef = 505121BF2943DDFD00F78E5E /* DoorbellAction.swift */; };
		505121C12943DDFD00F78E5E /* DoorbellAction.swift in Sources */ = {isa = PBXBuildFile; fileRef = 505121BF2943DDFD00F78E5E /* DoorbellAction.swift */; };
		505121C32943DFBC00F78E5E /* ArmButton.swift in Sources */ = {isa = PBXBuildFile; fileRef = 505121C22943DFBC00F78E5E /* ArmButton.swift */; };
		505121C42943DFBC00F78E5E /* ArmButton.swift in Sources */ = {isa = PBXBuildFile; fileRef = 505121C22943DFBC00F78E5E /* ArmButton.swift */; };
		505121C62943E58F00F78E5E /* CountdownView.swift in Sources */ = {isa = PBXBuildFile; fileRef = 505121C52943E58F00F78E5E /* CountdownView.swift */; };
		505121C72943E58F00F78E5E /* CountdownView.swift in Sources */ = {isa = PBXBuildFile; fileRef = 505121C52943E58F00F78E5E /* CountdownView.swift */; };
		505121C92944C9B700F78E5E /* URLHandler.swift in Sources */ = {isa = PBXBuildFile; fileRef = 505121C82944C9B700F78E5E /* URLHandler.swift */; };
		5051220E2944CAAC00F78E5E /* URLHandlerTests.swift in Sources */ = {isa = PBXBuildFile; fileRef = 5051220D2944CAAC00F78E5E /* URLHandlerTests.swift */; };
		505122102944D34000F78E5E /* User.swift in Sources */ = {isa = PBXBuildFile; fileRef = 5051220F2944D34000F78E5E /* User.swift */; };
		505122112944D34000F78E5E /* User.swift in Sources */ = {isa = PBXBuildFile; fileRef = 5051220F2944D34000F78E5E /* User.swift */; };
		505122172944D5B300F78E5E /* UserView.swift in Sources */ = {isa = PBXBuildFile; fileRef = 505122122944D37E00F78E5E /* UserView.swift */; };
		505122182944D5B400F78E5E /* UserView.swift in Sources */ = {isa = PBXBuildFile; fileRef = 505122122944D37E00F78E5E /* UserView.swift */; };
		5051221A2944ECCD00F78E5E /* UserKeychain.swift in Sources */ = {isa = PBXBuildFile; fileRef = 505122192944ECCD00F78E5E /* UserKeychain.swift */; };
		5051221B2944ECCD00F78E5E /* UserKeychain.swift in Sources */ = {isa = PBXBuildFile; fileRef = 505122192944ECCD00F78E5E /* UserKeychain.swift */; };
		5051221D2944EDF700F78E5E /* KeychainAccess in Frameworks */ = {isa = PBXBuildFile; productRef = 5051221C2944EDF700F78E5E /* KeychainAccess */; };
		5059217C28BBC5FA005A4E3A /* OurHomeApp.swift in Sources */ = {isa = PBXBuildFile; fileRef = 5059217B28BBC5FA005A4E3A /* OurHomeApp.swift */; };
		5059217E28BBC5FA005A4E3A /* ContentView.swift in Sources */ = {isa = PBXBuildFile; fileRef = 5059217D28BBC5FA005A4E3A /* ContentView.swift */; };
		5059218B28BBC6A9005A4E3A /* ControllerView.swift in Sources */ = {isa = PBXBuildFile; fileRef = 503D1DBC27A14EAB00FC8355 /* ControllerView.swift */; };
		5059218C28BBC7C9005A4E3A /* DoorHeader.swift in Sources */ = {isa = PBXBuildFile; fileRef = 502C730D27A56FDF006D0132 /* DoorHeader.swift */; };
		5059218D28BBC7CF005A4E3A /* BatteryIcon.swift in Sources */ = {isa = PBXBuildFile; fileRef = 502C730B27A56A4A006D0132 /* BatteryIcon.swift */; };
		5059218F28BBC7E4005A4E3A /* HomeCommunication.swift in Sources */ = {isa = PBXBuildFile; fileRef = 50F4E98027A5BC4700ECD03F /* HomeCommunication.swift */; };
		5059219228BBC84B005A4E3A /* Authentication in Frameworks */ = {isa = PBXBuildFile; productRef = 5059219128BBC84B005A4E3A /* Authentication */; };
		505C1B9027B1630A00C1D268 /* LoggingInView.swift in Sources */ = {isa = PBXBuildFile; fileRef = 505C1B8F27B1630A00C1D268 /* LoggingInView.swift */; };
		5086826D28BFDEF300EF6EB7 /* Assets.xcassets in Resources */ = {isa = PBXBuildFile; fileRef = 5059217F28BBC5FA005A4E3A /* Assets.xcassets */; };
		5088888D285357B4006B8808 /* NotificationProvider.swift in Sources */ = {isa = PBXBuildFile; fileRef = 5088888C285357B4006B8808 /* NotificationProvider.swift */; };
		50BBFFB228512E6B001F1006 /* LocationChecker.swift in Sources */ = {isa = PBXBuildFile; fileRef = 50BBFFB128512E6B001F1006 /* LocationChecker.swift */; };
		50DAFAC22922D679008CC486 /* Home.swift in Sources */ = {isa = PBXBuildFile; fileRef = 50DAFAC12922D679008CC486 /* Home.swift */; };
		50DAFAC32922D679008CC486 /* Home.swift in Sources */ = {isa = PBXBuildFile; fileRef = 50DAFAC12922D679008CC486 /* Home.swift */; };
		50DAFAC52922D68F008CC486 /* DummyHome.swift in Sources */ = {isa = PBXBuildFile; fileRef = 50DAFAC42922D68F008CC486 /* DummyHome.swift */; };
		50DAFAC62922D68F008CC486 /* DummyHome.swift in Sources */ = {isa = PBXBuildFile; fileRef = 50DAFAC42922D68F008CC486 /* DummyHome.swift */; };
		50E9108F28BBC9A3001C10D2 /* Reachability.swift in Sources */ = {isa = PBXBuildFile; fileRef = 50E9108E28BBC9A3001C10D2 /* Reachability.swift */; };
		50E9109028BBC9A3001C10D2 /* Reachability.swift in Sources */ = {isa = PBXBuildFile; fileRef = 50E9108E28BBC9A3001C10D2 /* Reachability.swift */; };
		50E9109128BBCE27001C10D2 /* NetworkReachability.swift in Sources */ = {isa = PBXBuildFile; fileRef = 50BBFFAF28511F25001F1006 /* NetworkReachability.swift */; };
		50E9109228BBCE35001C10D2 /* HomeState.swift in Sources */ = {isa = PBXBuildFile; fileRef = 50F4E98427A5BEF200ECD03F /* HomeState.swift */; };
		50E9109628BBCFE6001C10D2 /* GeoReachability.swift in Sources */ = {isa = PBXBuildFile; fileRef = 50E9109528BBCFE6001C10D2 /* GeoReachability.swift */; };
		50E9109728BBD075001C10D2 /* BuzzerButton.swift in Sources */ = {isa = PBXBuildFile; fileRef = 5037F23027A6B838007D1BBA /* BuzzerButton.swift */; };
		50E9109828BBD0C3001C10D2 /* SpinningButton.swift in Sources */ = {isa = PBXBuildFile; fileRef = 502C730927A47DBB006D0132 /* SpinningButton.swift */; };
		50E9109928BBD0CD001C10D2 /* UnlatchDoorButton.swift in Sources */ = {isa = PBXBuildFile; fileRef = 5037F23427A6C1AB007D1BBA /* UnlatchDoorButton.swift */; };
		50E9109A28BBD11D001C10D2 /* Task+Sleep.swift in Sources */ = {isa = PBXBuildFile; fileRef = 5037F23227A6BC57007D1BBA /* Task+Sleep.swift */; };
		50E9109B28BBD125001C10D2 /* UnlockDoorButton.swift in Sources */ = {isa = PBXBuildFile; fileRef = 5037F23827A6C63D007D1BBA /* UnlockDoorButton.swift */; };
		50E9109C28BBD12B001C10D2 /* LockDoorButton.swift in Sources */ = {isa = PBXBuildFile; fileRef = 5037F23627A6C61E007D1BBA /* LockDoorButton.swift */; };
		50F4E98127A5BC4700ECD03F /* HomeCommunication.swift in Sources */ = {isa = PBXBuildFile; fileRef = 50F4E98027A5BC4700ECD03F /* HomeCommunication.swift */; };
		50F4E98527A5BEF200ECD03F /* HomeState.swift in Sources */ = {isa = PBXBuildFile; fileRef = 50F4E98427A5BEF200ECD03F /* HomeState.swift */; };
/* End PBXBuildFile section */

/* Begin PBXContainerItemProxy section */
		505122082944CA7C00F78E5E /* PBXContainerItemProxy */ = {
			isa = PBXContainerItemProxy;
			containerPortal = 503D1DAF27A14EAB00FC8355 /* Project object */;
			proxyType = 1;
			remoteGlobalIDString = 503D1DB627A14EAB00FC8355;
			remoteInfo = "Our Home";
		};
/* End PBXContainerItemProxy section */

/* Begin PBXFileReference section */
		502C730927A47DBB006D0132 /* SpinningButton.swift */ = {isa = PBXFileReference; lastKnownFileType = sourcecode.swift; path = SpinningButton.swift; sourceTree = "<group>"; };
		502C730B27A56A4A006D0132 /* BatteryIcon.swift */ = {isa = PBXFileReference; lastKnownFileType = sourcecode.swift; path = BatteryIcon.swift; sourceTree = "<group>"; };
		502C730D27A56FDF006D0132 /* DoorHeader.swift */ = {isa = PBXFileReference; lastKnownFileType = sourcecode.swift; path = DoorHeader.swift; sourceTree = "<group>"; };
		502C730F27A5B658006D0132 /* SettingsView.swift */ = {isa = PBXFileReference; lastKnownFileType = sourcecode.swift; path = SettingsView.swift; sourceTree = "<group>"; };
		5037F22927A5F18D007D1BBA /* Authentication */ = {isa = PBXFileReference; lastKnownFileType = wrapper; name = Authentication; path = Packages/Authentication; sourceTree = "<group>"; };
		5037F23027A6B838007D1BBA /* BuzzerButton.swift */ = {isa = PBXFileReference; lastKnownFileType = sourcecode.swift; path = BuzzerButton.swift; sourceTree = "<group>"; };
		5037F23227A6BC57007D1BBA /* Task+Sleep.swift */ = {isa = PBXFileReference; lastKnownFileType = sourcecode.swift; path = "Task+Sleep.swift"; sourceTree = "<group>"; };
		5037F23427A6C1AB007D1BBA /* UnlatchDoorButton.swift */ = {isa = PBXFileReference; lastKnownFileType = sourcecode.swift; path = UnlatchDoorButton.swift; sourceTree = "<group>"; };
		5037F23627A6C61E007D1BBA /* LockDoorButton.swift */ = {isa = PBXFileReference; lastKnownFileType = sourcecode.swift; path = LockDoorButton.swift; sourceTree = "<group>"; };
		5037F23827A6C63D007D1BBA /* UnlockDoorButton.swift */ = {isa = PBXFileReference; lastKnownFileType = sourcecode.swift; path = UnlockDoorButton.swift; sourceTree = "<group>"; };
		5037F27627A7EE5A007D1BBA /* Config.xcconfig */ = {isa = PBXFileReference; lastKnownFileType = text.xcconfig; path = Config.xcconfig; sourceTree = "<group>"; };
		5037F2AB27A80DA6007D1BBA /* Configuration.swift */ = {isa = PBXFileReference; fileEncoding = 4; lastKnownFileType = sourcecode.swift; path = Configuration.swift; sourceTree = "<group>"; };
		5037F2AF27A80E13007D1BBA /* AppVersion.swift */ = {isa = PBXFileReference; lastKnownFileType = sourcecode.swift; path = AppVersion.swift; sourceTree = "<group>"; };
		5037F2B127A83C7D007D1BBA /* Our Home.entitlements */ = {isa = PBXFileReference; lastKnownFileType = text.plist.entitlements; path = "Our Home.entitlements"; sourceTree = "<group>"; };
		5037F2B927ABF39E007D1BBA /* LoggedOutView.swift */ = {isa = PBXFileReference; lastKnownFileType = sourcecode.swift; path = LoggedOutView.swift; sourceTree = "<group>"; };
		503D1DB727A14EAB00FC8355 /* Our Home.app */ = {isa = PBXFileReference; explicitFileType = wrapper.application; includeInIndex = 0; path = "Our Home.app"; sourceTree = BUILT_PRODUCTS_DIR; };
		503D1DBA27A14EAB00FC8355 /* OurHomeApp.swift */ = {isa = PBXFileReference; lastKnownFileType = sourcecode.swift; path = OurHomeApp.swift; sourceTree = "<group>"; };
		503D1DBC27A14EAB00FC8355 /* ControllerView.swift */ = {isa = PBXFileReference; lastKnownFileType = sourcecode.swift; path = ControllerView.swift; sourceTree = "<group>"; };
		503D1DBE27A14EAB00FC8355 /* Assets.xcassets */ = {isa = PBXFileReference; lastKnownFileType = folder.assetcatalog; path = Assets.xcassets; sourceTree = "<group>"; };
		504003A928C9F01000AD6EFD /* AppSecrets.swift */ = {isa = PBXFileReference; lastKnownFileType = sourcecode.swift; path = AppSecrets.swift; sourceTree = "<group>"; };
		505121BF2943DDFD00F78E5E /* DoorbellAction.swift */ = {isa = PBXFileReference; lastKnownFileType = sourcecode.swift; path = DoorbellAction.swift; sourceTree = "<group>"; };
		505121C22943DFBC00F78E5E /* ArmButton.swift */ = {isa = PBXFileReference; lastKnownFileType = sourcecode.swift; path = ArmButton.swift; sourceTree = "<group>"; };
		505121C52943E58F00F78E5E /* CountdownView.swift */ = {isa = PBXFileReference; lastKnownFileType = sourcecode.swift; path = CountdownView.swift; sourceTree = "<group>"; };
		505121C82944C9B700F78E5E /* URLHandler.swift */ = {isa = PBXFileReference; lastKnownFileType = sourcecode.swift; path = URLHandler.swift; sourceTree = "<group>"; };
		505122042944CA7C00F78E5E /* Our Home Tests.xctest */ = {isa = PBXFileReference; explicitFileType = wrapper.cfbundle; includeInIndex = 0; path = "Our Home Tests.xctest"; sourceTree = BUILT_PRODUCTS_DIR; };
		5051220D2944CAAC00F78E5E /* URLHandlerTests.swift */ = {isa = PBXFileReference; lastKnownFileType = sourcecode.swift; path = URLHandlerTests.swift; sourceTree = "<group>"; };
		5051220F2944D34000F78E5E /* User.swift */ = {isa = PBXFileReference; lastKnownFileType = sourcecode.swift; path = User.swift; sourceTree = "<group>"; };
		505122122944D37E00F78E5E /* UserView.swift */ = {isa = PBXFileReference; lastKnownFileType = sourcecode.swift; path = UserView.swift; sourceTree = "<group>"; };
		505122192944ECCD00F78E5E /* UserKeychain.swift */ = {isa = PBXFileReference; lastKnownFileType = sourcecode.swift; path = UserKeychain.swift; sourceTree = "<group>"; };
		5059217628BBC5FA005A4E3A /* Our Home Watch App.app */ = {isa = PBXFileReference; explicitFileType = wrapper.application; includeInIndex = 0; path = "Our Home Watch App.app"; sourceTree = BUILT_PRODUCTS_DIR; };
		5059217B28BBC5FA005A4E3A /* OurHomeApp.swift */ = {isa = PBXFileReference; lastKnownFileType = sourcecode.swift; path = OurHomeApp.swift; sourceTree = "<group>"; };
		5059217D28BBC5FA005A4E3A /* ContentView.swift */ = {isa = PBXFileReference; lastKnownFileType = sourcecode.swift; path = ContentView.swift; sourceTree = "<group>"; };
		5059217F28BBC5FA005A4E3A /* Assets.xcassets */ = {isa = PBXFileReference; lastKnownFileType = folder.assetcatalog; path = Assets.xcassets; sourceTree = "<group>"; };
		505C1B8F27B1630A00C1D268 /* LoggingInView.swift */ = {isa = PBXFileReference; lastKnownFileType = sourcecode.swift; path = LoggingInView.swift; sourceTree = "<group>"; };
		5088888C285357B4006B8808 /* NotificationProvider.swift */ = {isa = PBXFileReference; lastKnownFileType = sourcecode.swift; path = NotificationProvider.swift; sourceTree = "<group>"; };
		50BBFFAF28511F25001F1006 /* NetworkReachability.swift */ = {isa = PBXFileReference; lastKnownFileType = sourcecode.swift; path = NetworkReachability.swift; sourceTree = "<group>"; };
		50BBFFB128512E6B001F1006 /* LocationChecker.swift */ = {isa = PBXFileReference; lastKnownFileType = sourcecode.swift; path = LocationChecker.swift; sourceTree = "<group>"; };
		50DAFAC12922D679008CC486 /* Home.swift */ = {isa = PBXFileReference; lastKnownFileType = sourcecode.swift; path = Home.swift; sourceTree = "<group>"; };
		50DAFAC42922D68F008CC486 /* DummyHome.swift */ = {isa = PBXFileReference; lastKnownFileType = sourcecode.swift; path = DummyHome.swift; sourceTree = "<group>"; };
		50E9108E28BBC9A3001C10D2 /* Reachability.swift */ = {isa = PBXFileReference; lastKnownFileType = sourcecode.swift; path = Reachability.swift; sourceTree = "<group>"; };
		50E9109528BBCFE6001C10D2 /* GeoReachability.swift */ = {isa = PBXFileReference; lastKnownFileType = sourcecode.swift; path = GeoReachability.swift; sourceTree = "<group>"; };
		50F4E98027A5BC4700ECD03F /* HomeCommunication.swift */ = {isa = PBXFileReference; lastKnownFileType = sourcecode.swift; path = HomeCommunication.swift; sourceTree = "<group>"; };
		50F4E98427A5BEF200ECD03F /* HomeState.swift */ = {isa = PBXFileReference; lastKnownFileType = sourcecode.swift; path = HomeState.swift; sourceTree = "<group>"; };
		50F4E98627A5ECD700ECD03F /* Our-Home-Info.plist */ = {isa = PBXFileReference; lastKnownFileType = text.plist; path = "Our-Home-Info.plist"; sourceTree = SOURCE_ROOT; };
/* End PBXFileReference section */

/* Begin PBXFrameworksBuildPhase section */
		503D1DB427A14EAB00FC8355 /* Frameworks */ = {
			isa = PBXFrameworksBuildPhase;
			buildActionMask = 2147483647;
			files = (
				50292D77293B9CA800530CEB /* KeychainAccess in Frameworks */,
				5037F22C27A5F19C007D1BBA /* Authentication in Frameworks */,
			);
			runOnlyForDeploymentPostprocessing = 0;
		};
		505122012944CA7C00F78E5E /* Frameworks */ = {
			isa = PBXFrameworksBuildPhase;
			buildActionMask = 2147483647;
			files = (
			);
			runOnlyForDeploymentPostprocessing = 0;
		};
		5059217328BBC5FA005A4E3A /* Frameworks */ = {
			isa = PBXFrameworksBuildPhase;
			buildActionMask = 2147483647;
			files = (
				5051221D2944EDF700F78E5E /* KeychainAccess in Frameworks */,
				5059219228BBC84B005A4E3A /* Authentication in Frameworks */,
			);
			runOnlyForDeploymentPostprocessing = 0;
		};
/* End PBXFrameworksBuildPhase section */

/* Begin PBXGroup section */
		5037F22827A5F18D007D1BBA /* Packages */ = {
			isa = PBXGroup;
			children = (
				5037F22927A5F18D007D1BBA /* Authentication */,
			);
			name = Packages;
			sourceTree = "<group>";
		};
		5037F22D27A6B553007D1BBA /* ControlButtons */ = {
			isa = PBXGroup;
			children = (
				505121C22943DFBC00F78E5E /* ArmButton.swift */,
				5037F23027A6B838007D1BBA /* BuzzerButton.swift */,
				5037F23627A6C61E007D1BBA /* LockDoorButton.swift */,
				5037F23427A6C1AB007D1BBA /* UnlatchDoorButton.swift */,
				5037F23827A6C63D007D1BBA /* UnlockDoorButton.swift */,
			);
			path = ControlButtons;
			sourceTree = "<group>";
		};
		5037F2AE27A80DEE007D1BBA /* Settings */ = {
			isa = PBXGroup;
			children = (
				502C730F27A5B658006D0132 /* SettingsView.swift */,
				5037F2AF27A80E13007D1BBA /* AppVersion.swift */,
			);
			path = Settings;
			sourceTree = "<group>";
		};
		5037F2B427AAA929007D1BBA /* Shared */ = {
			isa = PBXGroup;
			children = (
				5037F2AB27A80DA6007D1BBA /* Configuration.swift */,
				50DAFAC42922D68F008CC486 /* DummyHome.swift */,
				50E9109528BBCFE6001C10D2 /* GeoReachability.swift */,
				50DAFAC12922D679008CC486 /* Home.swift */,
				50BBFFAF28511F25001F1006 /* NetworkReachability.swift */,
				50E9108E28BBC9A3001C10D2 /* Reachability.swift */,
				5037F23227A6BC57007D1BBA /* Task+Sleep.swift */,
				505121C82944C9B700F78E5E /* URLHandler.swift */,
				5051220F2944D34000F78E5E /* User.swift */,
				505122192944ECCD00F78E5E /* UserKeychain.swift */,
				50F4E98227A5BED100ECD03F /* Backend */,
				5037F2B527AAA961007D1BBA /* Views */,
			);
			path = Shared;
			sourceTree = "<group>";
		};
		5037F2B527AAA961007D1BBA /* Views */ = {
			isa = PBXGroup;
			children = (
				502C730B27A56A4A006D0132 /* BatteryIcon.swift */,
				503D1DBC27A14EAB00FC8355 /* ControllerView.swift */,
				505121C52943E58F00F78E5E /* CountdownView.swift */,
				502C730D27A56FDF006D0132 /* DoorHeader.swift */,
				502C730927A47DBB006D0132 /* SpinningButton.swift */,
				505122122944D37E00F78E5E /* UserView.swift */,
				5037F22D27A6B553007D1BBA /* ControlButtons */,
				5037F2AE27A80DEE007D1BBA /* Settings */,
			);
			path = Views;
			sourceTree = "<group>";
		};
		503D1DAE27A14EAB00FC8355 = {
			isa = PBXGroup;
			children = (
				5037F2B427AAA929007D1BBA /* Shared */,
				5037F22827A5F18D007D1BBA /* Packages */,
				503D1DB927A14EAB00FC8355 /* iOS */,
				5059217A28BBC5FA005A4E3A /* Watch */,
				505122052944CA7C00F78E5E /* Our Home Tests */,
				503D1DB827A14EAB00FC8355 /* Products */,
				5059219028BBC84B005A4E3A /* Frameworks */,
				5037F27627A7EE5A007D1BBA /* Config.xcconfig */,
			);
			indentWidth = 2;
			sourceTree = "<group>";
			tabWidth = 2;
		};
		503D1DB827A14EAB00FC8355 /* Products */ = {
			isa = PBXGroup;
			children = (
				503D1DB727A14EAB00FC8355 /* Our Home.app */,
				5059217628BBC5FA005A4E3A /* Our Home Watch App.app */,
				505122042944CA7C00F78E5E /* Our Home Tests.xctest */,
			);
			name = Products;
			sourceTree = "<group>";
		};
		503D1DB927A14EAB00FC8355 /* iOS */ = {
			isa = PBXGroup;
			children = (
				503D1DBE27A14EAB00FC8355 /* Assets.xcassets */,
				5037F2B127A83C7D007D1BBA /* Our Home.entitlements */,
				50F4E98627A5ECD700ECD03F /* Our-Home-Info.plist */,
				503D1DBA27A14EAB00FC8355 /* OurHomeApp.swift */,
				5037F2B927ABF39E007D1BBA /* LoggedOutView.swift */,
				505C1B8F27B1630A00C1D268 /* LoggingInView.swift */,
				50BBFFB128512E6B001F1006 /* LocationChecker.swift */,
				5088888C285357B4006B8808 /* NotificationProvider.swift */,
			);
			path = iOS;
			sourceTree = "<group>";
		};
		505122052944CA7C00F78E5E /* Our Home Tests */ = {
			isa = PBXGroup;
			children = (
				5051220D2944CAAC00F78E5E /* URLHandlerTests.swift */,
			);
			path = "Our Home Tests";
			sourceTree = "<group>";
		};
		5059217A28BBC5FA005A4E3A /* Watch */ = {
			isa = PBXGroup;
			children = (
				5059217B28BBC5FA005A4E3A /* OurHomeApp.swift */,
				5059217D28BBC5FA005A4E3A /* ContentView.swift */,
				5059217F28BBC5FA005A4E3A /* Assets.xcassets */,
			);
			path = Watch;
			sourceTree = "<group>";
		};
		5059219028BBC84B005A4E3A /* Frameworks */ = {
			isa = PBXGroup;
			children = (
			);
			name = Frameworks;
			sourceTree = "<group>";
		};
		50F4E98227A5BED100ECD03F /* Backend */ = {
			isa = PBXGroup;
			children = (
				50F4E98327A5BEE300ECD03F /* Model */,
				50F4E98027A5BC4700ECD03F /* HomeCommunication.swift */,
				504003A928C9F01000AD6EFD /* AppSecrets.swift */,
			);
			path = Backend;
			sourceTree = "<group>";
		};
		50F4E98327A5BEE300ECD03F /* Model */ = {
			isa = PBXGroup;
			children = (
				50F4E98427A5BEF200ECD03F /* HomeState.swift */,
				505121BF2943DDFD00F78E5E /* DoorbellAction.swift */,
			);
			path = Model;
			sourceTree = "<group>";
		};
/* End PBXGroup section */

/* Begin PBXNativeTarget section */
		503D1DB627A14EAB00FC8355 /* Our Home */ = {
			isa = PBXNativeTarget;
			buildConfigurationList = 503D1DC527A14EAB00FC8355 /* Build configuration list for PBXNativeTarget "Our Home" */;
			buildPhases = (
				503D1DB327A14EAB00FC8355 /* Sources */,
				503D1DB427A14EAB00FC8355 /* Frameworks */,
				503D1DB527A14EAB00FC8355 /* Resources */,
			);
			buildRules = (
			);
			dependencies = (
			);
			name = "Our Home";
			packageProductDependencies = (
				5037F22B27A5F19C007D1BBA /* Authentication */,
				50292D76293B9CA800530CEB /* KeychainAccess */,
			);
			productName = "Our Home";
			productReference = 503D1DB727A14EAB00FC8355 /* Our Home.app */;
			productType = "com.apple.product-type.application";
		};
		505122032944CA7C00F78E5E /* Our Home Tests */ = {
			isa = PBXNativeTarget;
			buildConfigurationList = 5051220A2944CA7C00F78E5E /* Build configuration list for PBXNativeTarget "Our Home Tests" */;
			buildPhases = (
				505122002944CA7C00F78E5E /* Sources */,
				505122012944CA7C00F78E5E /* Frameworks */,
				505122022944CA7C00F78E5E /* Resources */,
			);
			buildRules = (
			);
			dependencies = (
				505122092944CA7C00F78E5E /* PBXTargetDependency */,
			);
			name = "Our Home Tests";
			productName = "Our Home Tests";
			productReference = 505122042944CA7C00F78E5E /* Our Home Tests.xctest */;
			productType = "com.apple.product-type.bundle.unit-test";
		};
		5059217528BBC5FA005A4E3A /* Our Home Watch App */ = {
			isa = PBXNativeTarget;
			buildConfigurationList = 5059218428BBC5FA005A4E3A /* Build configuration list for PBXNativeTarget "Our Home Watch App" */;
			buildPhases = (
				5059217228BBC5FA005A4E3A /* Sources */,
				5059217328BBC5FA005A4E3A /* Frameworks */,
				5059217428BBC5FA005A4E3A /* Resources */,
			);
			buildRules = (
			);
			dependencies = (
			);
			name = "Our Home Watch App";
			packageProductDependencies = (
				5059219128BBC84B005A4E3A /* Authentication */,
				5051221C2944EDF700F78E5E /* KeychainAccess */,
			);
			productName = "Our Home Watch App";
			productReference = 5059217628BBC5FA005A4E3A /* Our Home Watch App.app */;
			productType = "com.apple.product-type.application";
		};
/* End PBXNativeTarget section */

/* Begin PBXProject section */
		503D1DAF27A14EAB00FC8355 /* Project object */ = {
			isa = PBXProject;
			attributes = {
				BuildIndependentTargetsInParallel = 1;
				LastSwiftUpdateCheck = 1410;
				LastUpgradeCheck = 1320;
				TargetAttributes = {
					503D1DB627A14EAB00FC8355 = {
						CreatedOnToolsVersion = 13.2.1;
					};
					505122032944CA7C00F78E5E = {
						CreatedOnToolsVersion = 14.1;
						TestTargetID = 503D1DB627A14EAB00FC8355;
					};
					5059217528BBC5FA005A4E3A = {
						CreatedOnToolsVersion = 14.0;
					};
				};
			};
			buildConfigurationList = 503D1DB227A14EAB00FC8355 /* Build configuration list for PBXProject "Our Home" */;
			compatibilityVersion = "Xcode 13.0";
			developmentRegion = en;
			hasScannedForEncodings = 0;
			knownRegions = (
				en,
				Base,
			);
			mainGroup = 503D1DAE27A14EAB00FC8355;
			packageReferences = (
				50292D75293B9CA800530CEB /* XCRemoteSwiftPackageReference "KeychainAccess" */,
			);
			productRefGroup = 503D1DB827A14EAB00FC8355 /* Products */;
			projectDirPath = "";
			projectRoot = "";
			targets = (
				503D1DB627A14EAB00FC8355 /* Our Home */,
				5059217528BBC5FA005A4E3A /* Our Home Watch App */,
				505122032944CA7C00F78E5E /* Our Home Tests */,
			);
		};
/* End PBXProject section */

/* Begin PBXResourcesBuildPhase section */
		503D1DB527A14EAB00FC8355 /* Resources */ = {
			isa = PBXResourcesBuildPhase;
			buildActionMask = 2147483647;
			files = (
				503D1DBF27A14EAB00FC8355 /* Assets.xcassets in Resources */,
			);
			runOnlyForDeploymentPostprocessing = 0;
		};
		505122022944CA7C00F78E5E /* Resources */ = {
			isa = PBXResourcesBuildPhase;
			buildActionMask = 2147483647;
			files = (
			);
			runOnlyForDeploymentPostprocessing = 0;
		};
		5059217428BBC5FA005A4E3A /* Resources */ = {
			isa = PBXResourcesBuildPhase;
			buildActionMask = 2147483647;
			files = (
				5086826D28BFDEF300EF6EB7 /* Assets.xcassets in Resources */,
			);
			runOnlyForDeploymentPostprocessing = 0;
		};
/* End PBXResourcesBuildPhase section */

/* Begin PBXSourcesBuildPhase section */
		503D1DB327A14EAB00FC8355 /* Sources */ = {
			isa = PBXSourcesBuildPhase;
			buildActionMask = 2147483647;
			files = (
				50BBFFB228512E6B001F1006 /* LocationChecker.swift in Sources */,
				5037F26627A70387007D1BBA /* ControllerView.swift in Sources */,
				505121C02943DDFD00F78E5E /* DoorbellAction.swift in Sources */,
				5037F23527A6C1AB007D1BBA /* UnlatchDoorButton.swift in Sources */,
				5037F2B027A80E13007D1BBA /* AppVersion.swift in Sources */,
				505C1B9027B1630A00C1D268 /* LoggingInView.swift in Sources */,
				5037F23727A6C61E007D1BBA /* LockDoorButton.swift in Sources */,
				502C731027A5B658006D0132 /* SettingsView.swift in Sources */,
				505122102944D34000F78E5E /* User.swift in Sources */,
				5037F23327A6BC57007D1BBA /* Task+Sleep.swift in Sources */,
				502C730E27A56FDF006D0132 /* DoorHeader.swift in Sources */,
				5037F2AC27A80DA6007D1BBA /* Configuration.swift in Sources */,
				50F4E98527A5BEF200ECD03F /* HomeState.swift in Sources */,
				5037F23127A6B838007D1BBA /* BuzzerButton.swift in Sources */,
				505121C62943E58F00F78E5E /* CountdownView.swift in Sources */,
				50E9108F28BBC9A3001C10D2 /* Reachability.swift in Sources */,
				50F4E98127A5BC4700ECD03F /* HomeCommunication.swift in Sources */,
				503D1DBB27A14EAB00FC8355 /* OurHomeApp.swift in Sources */,
				504003AA28C9F01000AD6EFD /* AppSecrets.swift in Sources */,
				5037F2BA27ABF39E007D1BBA /* LoggedOutView.swift in Sources */,
				5037F23927A6C63D007D1BBA /* UnlockDoorButton.swift in Sources */,
				502C730A27A47DBB006D0132 /* SpinningButton.swift in Sources */,
				5088888D285357B4006B8808 /* NotificationProvider.swift in Sources */,
				5051221A2944ECCD00F78E5E /* UserKeychain.swift in Sources */,
				505121C92944C9B700F78E5E /* URLHandler.swift in Sources */,
				50DAFAC52922D68F008CC486 /* DummyHome.swift in Sources */,
				50DAFAC22922D679008CC486 /* Home.swift in Sources */,
				502C730C27A56A4A006D0132 /* BatteryIcon.swift in Sources */,
				505122172944D5B300F78E5E /* UserView.swift in Sources */,
				505121C32943DFBC00F78E5E /* ArmButton.swift in Sources */,
				50E9109128BBCE27001C10D2 /* NetworkReachability.swift in Sources */,
			);
			runOnlyForDeploymentPostprocessing = 0;
		};
		505122002944CA7C00F78E5E /* Sources */ = {
			isa = PBXSourcesBuildPhase;
			buildActionMask = 2147483647;
			files = (
				5051220E2944CAAC00F78E5E /* URLHandlerTests.swift in Sources */,
			);
			runOnlyForDeploymentPostprocessing = 0;
		};
		5059217228BBC5FA005A4E3A /* Sources */ = {
			isa = PBXSourcesBuildPhase;
			buildActionMask = 2147483647;
			files = (
				5059218C28BBC7C9005A4E3A /* DoorHeader.swift in Sources */,
				50E9109928BBD0CD001C10D2 /* UnlatchDoorButton.swift in Sources */,
				5059217E28BBC5FA005A4E3A /* ContentView.swift in Sources */,
				505121C72943E58F00F78E5E /* CountdownView.swift in Sources */,
				505122182944D5B400F78E5E /* UserView.swift in Sources */,
				50E9109828BBD0C3001C10D2 /* SpinningButton.swift in Sources */,
				505121C12943DDFD00F78E5E /* DoorbellAction.swift in Sources */,
				5059218F28BBC7E4005A4E3A /* HomeCommunication.swift in Sources */,
				5051221B2944ECCD00F78E5E /* UserKeychain.swift in Sources */,
				50DAFAC62922D68F008CC486 /* DummyHome.swift in Sources */,
				50E9109628BBCFE6001C10D2 /* GeoReachability.swift in Sources */,
				50DAFAC32922D679008CC486 /* Home.swift in Sources */,
				505122112944D34000F78E5E /* User.swift in Sources */,
				504003AB28C9F01000AD6EFD /* AppSecrets.swift in Sources */,
				5059218D28BBC7CF005A4E3A /* BatteryIcon.swift in Sources */,
				50E9109728BBD075001C10D2 /* BuzzerButton.swift in Sources */,
				50E9109228BBCE35001C10D2 /* HomeState.swift in Sources */,
				505121C42943DFBC00F78E5E /* ArmButton.swift in Sources */,
				5059217C28BBC5FA005A4E3A /* OurHomeApp.swift in Sources */,
				50E9109028BBC9A3001C10D2 /* Reachability.swift in Sources */,
				50E9109B28BBD125001C10D2 /* UnlockDoorButton.swift in Sources */,
				5059218B28BBC6A9005A4E3A /* ControllerView.swift in Sources */,
				50E9109A28BBD11D001C10D2 /* Task+Sleep.swift in Sources */,
				50E9109C28BBD12B001C10D2 /* LockDoorButton.swift in Sources */,
			);
			runOnlyForDeploymentPostprocessing = 0;
		};
/* End PBXSourcesBuildPhase section */

/* Begin PBXTargetDependency section */
		505122092944CA7C00F78E5E /* PBXTargetDependency */ = {
			isa = PBXTargetDependency;
			target = 503D1DB627A14EAB00FC8355 /* Our Home */;
			targetProxy = 505122082944CA7C00F78E5E /* PBXContainerItemProxy */;
		};
/* End PBXTargetDependency section */

/* Begin XCBuildConfiguration section */
		503D1DC327A14EAB00FC8355 /* Debug */ = {
			isa = XCBuildConfiguration;
			buildSettings = {
				ALWAYS_SEARCH_USER_PATHS = NO;
				CLANG_ANALYZER_NONNULL = YES;
				CLANG_ANALYZER_NUMBER_OBJECT_CONVERSION = YES_AGGRESSIVE;
				CLANG_CXX_LANGUAGE_STANDARD = "gnu++17";
				CLANG_CXX_LIBRARY = "libc++";
				CLANG_ENABLE_MODULES = YES;
				CLANG_ENABLE_OBJC_ARC = YES;
				CLANG_ENABLE_OBJC_WEAK = YES;
				CLANG_WARN_BLOCK_CAPTURE_AUTORELEASING = YES;
				CLANG_WARN_BOOL_CONVERSION = YES;
				CLANG_WARN_COMMA = YES;
				CLANG_WARN_CONSTANT_CONVERSION = YES;
				CLANG_WARN_DEPRECATED_OBJC_IMPLEMENTATIONS = YES;
				CLANG_WARN_DIRECT_OBJC_ISA_USAGE = YES_ERROR;
				CLANG_WARN_DOCUMENTATION_COMMENTS = YES;
				CLANG_WARN_EMPTY_BODY = YES;
				CLANG_WARN_ENUM_CONVERSION = YES;
				CLANG_WARN_INFINITE_RECURSION = YES;
				CLANG_WARN_INT_CONVERSION = YES;
				CLANG_WARN_NON_LITERAL_NULL_CONVERSION = YES;
				CLANG_WARN_OBJC_IMPLICIT_RETAIN_SELF = YES;
				CLANG_WARN_OBJC_LITERAL_CONVERSION = YES;
				CLANG_WARN_OBJC_ROOT_CLASS = YES_ERROR;
				CLANG_WARN_QUOTED_INCLUDE_IN_FRAMEWORK_HEADER = YES;
				CLANG_WARN_RANGE_LOOP_ANALYSIS = YES;
				CLANG_WARN_STRICT_PROTOTYPES = YES;
				CLANG_WARN_SUSPICIOUS_MOVE = YES;
				CLANG_WARN_UNGUARDED_AVAILABILITY = YES_AGGRESSIVE;
				CLANG_WARN_UNREACHABLE_CODE = YES;
				CLANG_WARN__DUPLICATE_METHOD_MATCH = YES;
				COPY_PHASE_STRIP = NO;
				CURRENT_PROJECT_VERSION = "$(BUILD_NUMBER:default=0)";
				DEBUG_INFORMATION_FORMAT = dwarf;
				ENABLE_BITCODE = NO;
				ENABLE_STRICT_OBJC_MSGSEND = YES;
				ENABLE_TESTABILITY = YES;
				GCC_C_LANGUAGE_STANDARD = gnu11;
				GCC_DYNAMIC_NO_PIC = NO;
				GCC_NO_COMMON_BLOCKS = YES;
				GCC_OPTIMIZATION_LEVEL = 0;
				GCC_PREPROCESSOR_DEFINITIONS = (
					"DEBUG=1",
					"$(inherited)",
				);
				GCC_WARN_64_TO_32_BIT_CONVERSION = YES;
				GCC_WARN_ABOUT_RETURN_TYPE = YES_ERROR;
				GCC_WARN_UNDECLARED_SELECTOR = YES;
				GCC_WARN_UNINITIALIZED_AUTOS = YES_AGGRESSIVE;
				GCC_WARN_UNUSED_FUNCTION = YES;
				GCC_WARN_UNUSED_VARIABLE = YES;
				IPHONEOS_DEPLOYMENT_TARGET = 16.0;
				MTL_ENABLE_DEBUG_INFO = INCLUDE_SOURCE;
				MTL_FAST_MATH = YES;
				ONLY_ACTIVE_ARCH = YES;
				OTHER_LDFLAGS = (
					"-Xlinker",
					"-interposable",
				);
				SDKROOT = iphoneos;
				SWIFT_ACTIVE_COMPILATION_CONDITIONS = DEBUG;
				SWIFT_OPTIMIZATION_LEVEL = "-Onone";
			};
			name = Debug;
		};
		503D1DC427A14EAB00FC8355 /* Release */ = {
			isa = XCBuildConfiguration;
			baseConfigurationReference = 5037F27627A7EE5A007D1BBA /* Config.xcconfig */;
			buildSettings = {
				ALWAYS_SEARCH_USER_PATHS = NO;
				CLANG_ANALYZER_NONNULL = YES;
				CLANG_ANALYZER_NUMBER_OBJECT_CONVERSION = YES_AGGRESSIVE;
				CLANG_CXX_LANGUAGE_STANDARD = "gnu++17";
				CLANG_CXX_LIBRARY = "libc++";
				CLANG_ENABLE_MODULES = YES;
				CLANG_ENABLE_OBJC_ARC = YES;
				CLANG_ENABLE_OBJC_WEAK = YES;
				CLANG_WARN_BLOCK_CAPTURE_AUTORELEASING = YES;
				CLANG_WARN_BOOL_CONVERSION = YES;
				CLANG_WARN_COMMA = YES;
				CLANG_WARN_CONSTANT_CONVERSION = YES;
				CLANG_WARN_DEPRECATED_OBJC_IMPLEMENTATIONS = YES;
				CLANG_WARN_DIRECT_OBJC_ISA_USAGE = YES_ERROR;
				CLANG_WARN_DOCUMENTATION_COMMENTS = YES;
				CLANG_WARN_EMPTY_BODY = YES;
				CLANG_WARN_ENUM_CONVERSION = YES;
				CLANG_WARN_INFINITE_RECURSION = YES;
				CLANG_WARN_INT_CONVERSION = YES;
				CLANG_WARN_NON_LITERAL_NULL_CONVERSION = YES;
				CLANG_WARN_OBJC_IMPLICIT_RETAIN_SELF = YES;
				CLANG_WARN_OBJC_LITERAL_CONVERSION = YES;
				CLANG_WARN_OBJC_ROOT_CLASS = YES_ERROR;
				CLANG_WARN_QUOTED_INCLUDE_IN_FRAMEWORK_HEADER = YES;
				CLANG_WARN_RANGE_LOOP_ANALYSIS = YES;
				CLANG_WARN_STRICT_PROTOTYPES = YES;
				CLANG_WARN_SUSPICIOUS_MOVE = YES;
				CLANG_WARN_UNGUARDED_AVAILABILITY = YES_AGGRESSIVE;
				CLANG_WARN_UNREACHABLE_CODE = YES;
				CLANG_WARN__DUPLICATE_METHOD_MATCH = YES;
				COPY_PHASE_STRIP = NO;
				CURRENT_PROJECT_VERSION = "$(BUILD_NUMBER:default=0)";
				DEBUG_INFORMATION_FORMAT = "dwarf-with-dsym";
				ENABLE_BITCODE = NO;
				ENABLE_NS_ASSERTIONS = NO;
				ENABLE_STRICT_OBJC_MSGSEND = YES;
				GCC_C_LANGUAGE_STANDARD = gnu11;
				GCC_NO_COMMON_BLOCKS = YES;
				GCC_WARN_64_TO_32_BIT_CONVERSION = YES;
				GCC_WARN_ABOUT_RETURN_TYPE = YES_ERROR;
				GCC_WARN_UNDECLARED_SELECTOR = YES;
				GCC_WARN_UNINITIALIZED_AUTOS = YES_AGGRESSIVE;
				GCC_WARN_UNUSED_FUNCTION = YES;
				GCC_WARN_UNUSED_VARIABLE = YES;
				IPHONEOS_DEPLOYMENT_TARGET = 16.0;
				MTL_ENABLE_DEBUG_INFO = NO;
				MTL_FAST_MATH = YES;
				SDKROOT = iphoneos;
				SWIFT_COMPILATION_MODE = wholemodule;
				SWIFT_OPTIMIZATION_LEVEL = "-O";
				VALIDATE_PRODUCT = YES;
			};
			name = Release;
		};
		503D1DC627A14EAB00FC8355 /* Debug */ = {
			isa = XCBuildConfiguration;
			buildSettings = {
				ASSETCATALOG_COMPILER_APPICON_NAME = AppIcon;
				ASSETCATALOG_COMPILER_GLOBAL_ACCENT_COLOR_NAME = AccentColor;
				CODE_SIGN_ENTITLEMENTS = "iOS/Our Home.entitlements";
				CODE_SIGN_STYLE = Automatic;
				DEVELOPMENT_TEAM = ATMW4AU45H;
				ENABLE_PREVIEWS = YES;
				GENERATE_INFOPLIST_FILE = YES;
				INFOPLIST_FILE = "Our-Home-Info.plist";
				INFOPLIST_KEY_NSLocationAlwaysAndWhenInUseUsageDescription = "Um eine Türöffner-Notification anzeigen zu können sobald du dich deinem zuhause näherst wird deine aktuelle Position benötigt.";
				INFOPLIST_KEY_NSLocationWhenInUseUsageDescription = "Um eine Türöffner-Notification anzeigen zu können sobald du dich deinem zuhause näherst wird deine aktuelle Position benötigt.";
				INFOPLIST_KEY_UIApplicationSupportsIndirectInputEvents = YES;
				INFOPLIST_KEY_UILaunchScreen_Generation = YES;
				INFOPLIST_KEY_UISupportedInterfaceOrientations_iPad = "UIInterfaceOrientationPortrait UIInterfaceOrientationPortraitUpsideDown UIInterfaceOrientationLandscapeLeft UIInterfaceOrientationLandscapeRight";
				INFOPLIST_KEY_UISupportedInterfaceOrientations_iPhone = "UIInterfaceOrientationPortrait UIInterfaceOrientationLandscapeLeft UIInterfaceOrientationLandscapeRight";
				LD_RUNPATH_SEARCH_PATHS = (
					"$(inherited)",
					"@executable_path/Frameworks",
				);
				MARKETING_VERSION = 1.0;
				PRODUCT_BUNDLE_IDENTIFIER = "de.343max.ourhome.Our-Home";
				PRODUCT_NAME = "$(TARGET_NAME)";
				SWIFT_EMIT_LOC_STRINGS = YES;
				SWIFT_VERSION = 5.0;
				TARGETED_DEVICE_FAMILY = 1;
			};
			name = Debug;
		};
		503D1DC727A14EAB00FC8355 /* Release */ = {
			isa = XCBuildConfiguration;
			buildSettings = {
				ASSETCATALOG_COMPILER_APPICON_NAME = AppIcon;
				ASSETCATALOG_COMPILER_GLOBAL_ACCENT_COLOR_NAME = AccentColor;
				CODE_SIGN_ENTITLEMENTS = "iOS/Our Home.entitlements";
				CODE_SIGN_STYLE = Automatic;
				DEVELOPMENT_TEAM = ATMW4AU45H;
				ENABLE_PREVIEWS = YES;
				GENERATE_INFOPLIST_FILE = YES;
				INFOPLIST_FILE = "Our-Home-Info.plist";
				INFOPLIST_KEY_NSLocationAlwaysAndWhenInUseUsageDescription = "Um eine Türöffner-Notification anzeigen zu können sobald du dich deinem zuhause näherst wird deine aktuelle Position benötigt.";
				INFOPLIST_KEY_NSLocationWhenInUseUsageDescription = "Um eine Türöffner-Notification anzeigen zu können sobald du dich deinem zuhause näherst wird deine aktuelle Position benötigt.";
				INFOPLIST_KEY_UIApplicationSupportsIndirectInputEvents = YES;
				INFOPLIST_KEY_UILaunchScreen_Generation = YES;
				INFOPLIST_KEY_UISupportedInterfaceOrientations_iPad = "UIInterfaceOrientationPortrait UIInterfaceOrientationPortraitUpsideDown UIInterfaceOrientationLandscapeLeft UIInterfaceOrientationLandscapeRight";
				INFOPLIST_KEY_UISupportedInterfaceOrientations_iPhone = "UIInterfaceOrientationPortrait UIInterfaceOrientationLandscapeLeft UIInterfaceOrientationLandscapeRight";
				LD_RUNPATH_SEARCH_PATHS = (
					"$(inherited)",
					"@executable_path/Frameworks",
				);
				MARKETING_VERSION = 1.0;
				PRODUCT_BUNDLE_IDENTIFIER = "de.343max.ourhome.Our-Home";
				PRODUCT_NAME = "$(TARGET_NAME)";
				SWIFT_EMIT_LOC_STRINGS = YES;
				SWIFT_VERSION = 5.0;
				TARGETED_DEVICE_FAMILY = 1;
			};
			name = Release;
		};
		5051220B2944CA7C00F78E5E /* Debug */ = {
			isa = XCBuildConfiguration;
			buildSettings = {
				BUNDLE_LOADER = "$(TEST_HOST)";
				CLANG_CXX_LANGUAGE_STANDARD = "gnu++20";
				CODE_SIGN_STYLE = Automatic;
				CURRENT_PROJECT_VERSION = 1;
				DEVELOPMENT_TEAM = ATMW4AU45H;
				GENERATE_INFOPLIST_FILE = YES;
				IPHONEOS_DEPLOYMENT_TARGET = 16.1;
				MARKETING_VERSION = 1.0;
				PRODUCT_BUNDLE_IDENTIFIER = "de.343max.Our-Home-Tests";
				PRODUCT_NAME = "$(TARGET_NAME)";
				SWIFT_EMIT_LOC_STRINGS = NO;
				SWIFT_VERSION = 5.0;
				TARGETED_DEVICE_FAMILY = "1,2";
				TEST_HOST = "$(BUILT_PRODUCTS_DIR)/Our Home.app/$(BUNDLE_EXECUTABLE_FOLDER_PATH)/Our Home";
			};
			name = Debug;
		};
		5051220C2944CA7C00F78E5E /* Release */ = {
			isa = XCBuildConfiguration;
			buildSettings = {
				BUNDLE_LOADER = "$(TEST_HOST)";
				CLANG_CXX_LANGUAGE_STANDARD = "gnu++20";
				CODE_SIGN_STYLE = Automatic;
				CURRENT_PROJECT_VERSION = 1;
				DEVELOPMENT_TEAM = ATMW4AU45H;
				GENERATE_INFOPLIST_FILE = YES;
				IPHONEOS_DEPLOYMENT_TARGET = 16.1;
				MARKETING_VERSION = 1.0;
				PRODUCT_BUNDLE_IDENTIFIER = "de.343max.Our-Home-Tests";
				PRODUCT_NAME = "$(TARGET_NAME)";
				SWIFT_EMIT_LOC_STRINGS = NO;
				SWIFT_VERSION = 5.0;
				TARGETED_DEVICE_FAMILY = "1,2";
				TEST_HOST = "$(BUILT_PRODUCTS_DIR)/Our Home.app/$(BUNDLE_EXECUTABLE_FOLDER_PATH)/Our Home";
			};
			name = Release;
		};
		5059218528BBC5FA005A4E3A /* Debug */ = {
			isa = XCBuildConfiguration;
			buildSettings = {
				ASSETCATALOG_COMPILER_APPICON_NAME = AppIcon;
				ASSETCATALOG_COMPILER_GLOBAL_ACCENT_COLOR_NAME = AccentColor;
				CLANG_CXX_LANGUAGE_STANDARD = "gnu++20";
				CODE_SIGN_STYLE = Automatic;
				CURRENT_PROJECT_VERSION = 1;
				DEVELOPMENT_ASSET_PATHS = "";
				DEVELOPMENT_TEAM = ATMW4AU45H;
				ENABLE_PREVIEWS = YES;
				GENERATE_INFOPLIST_FILE = YES;
				INFOPLIST_KEY_CFBundleDisplayName = "Our Home";
				INFOPLIST_KEY_UISupportedInterfaceOrientations = "UIInterfaceOrientationPortrait UIInterfaceOrientationPortraitUpsideDown";
				INFOPLIST_KEY_WKCompanionAppBundleIdentifier = "de.343max.ourhome.Our-Home";
				INFOPLIST_KEY_WKWatchOnly = NO;
				LD_RUNPATH_SEARCH_PATHS = (
					"$(inherited)",
					"@executable_path/Frameworks",
				);
				MARKETING_VERSION = 1.0;
				PRODUCT_BUNDLE_IDENTIFIER = "de.343max.Our-Home.watchkitapp";
				PRODUCT_NAME = "$(TARGET_NAME)";
				SDKROOT = watchos;
				SKIP_INSTALL = YES;
				SWIFT_EMIT_LOC_STRINGS = YES;
				SWIFT_VERSION = 5.0;
				TARGETED_DEVICE_FAMILY = 4;
				WATCHOS_DEPLOYMENT_TARGET = 9.0;
			};
			name = Debug;
		};
		5059218628BBC5FA005A4E3A /* Release */ = {
			isa = XCBuildConfiguration;
			buildSettings = {
				ASSETCATALOG_COMPILER_APPICON_NAME = AppIcon;
				ASSETCATALOG_COMPILER_GLOBAL_ACCENT_COLOR_NAME = AccentColor;
				CLANG_CXX_LANGUAGE_STANDARD = "gnu++20";
				CODE_SIGN_STYLE = Automatic;
				CURRENT_PROJECT_VERSION = 1;
				DEVELOPMENT_ASSET_PATHS = "";
				DEVELOPMENT_TEAM = ATMW4AU45H;
				ENABLE_PREVIEWS = YES;
				GENERATE_INFOPLIST_FILE = YES;
				INFOPLIST_KEY_CFBundleDisplayName = "Our Home";
				INFOPLIST_KEY_UISupportedInterfaceOrientations = "UIInterfaceOrientationPortrait UIInterfaceOrientationPortraitUpsideDown";
				INFOPLIST_KEY_WKCompanionAppBundleIdentifier = "de.343max.ourhome.Our-Home";
				INFOPLIST_KEY_WKWatchOnly = NO;
				LD_RUNPATH_SEARCH_PATHS = (
					"$(inherited)",
					"@executable_path/Frameworks",
				);
				MARKETING_VERSION = 1.0;
				PRODUCT_BUNDLE_IDENTIFIER = "de.343max.Our-Home.watchkitapp";
				PRODUCT_NAME = "$(TARGET_NAME)";
				SDKROOT = watchos;
				SKIP_INSTALL = YES;
				SWIFT_EMIT_LOC_STRINGS = YES;
				SWIFT_VERSION = 5.0;
				TARGETED_DEVICE_FAMILY = 4;
				WATCHOS_DEPLOYMENT_TARGET = 9.0;
			};
			name = Release;
		};
/* End XCBuildConfiguration section */

/* Begin XCConfigurationList section */
		503D1DB227A14EAB00FC8355 /* Build configuration list for PBXProject "Our Home" */ = {
			isa = XCConfigurationList;
			buildConfigurations = (
				503D1DC327A14EAB00FC8355 /* Debug */,
				503D1DC427A14EAB00FC8355 /* Release */,
			);
			defaultConfigurationIsVisible = 0;
			defaultConfigurationName = Release;
		};
		503D1DC527A14EAB00FC8355 /* Build configuration list for PBXNativeTarget "Our Home" */ = {
			isa = XCConfigurationList;
			buildConfigurations = (
				503D1DC627A14EAB00FC8355 /* Debug */,
				503D1DC727A14EAB00FC8355 /* Release */,
			);
			defaultConfigurationIsVisible = 0;
			defaultConfigurationName = Release;
		};
		5051220A2944CA7C00F78E5E /* Build configuration list for PBXNativeTarget "Our Home Tests" */ = {
			isa = XCConfigurationList;
			buildConfigurations = (
				5051220B2944CA7C00F78E5E /* Debug */,
				5051220C2944CA7C00F78E5E /* Release */,
			);
			defaultConfigurationIsVisible = 0;
			defaultConfigurationName = Release;
		};
		5059218428BBC5FA005A4E3A /* Build configuration list for PBXNativeTarget "Our Home Watch App" */ = {
			isa = XCConfigurationList;
			buildConfigurations = (
				5059218528BBC5FA005A4E3A /* Debug */,
				5059218628BBC5FA005A4E3A /* Release */,
			);
			defaultConfigurationIsVisible = 0;
			defaultConfigurationName = Release;
		};
/* End XCConfigurationList section */

/* Begin XCRemoteSwiftPackageReference section */
		50292D75293B9CA800530CEB /* XCRemoteSwiftPackageReference "KeychainAccess" */ = {
			isa = XCRemoteSwiftPackageReference;
			repositoryURL = "https://github.com/kishikawakatsumi/KeychainAccess.git";
			requirement = {
				branch = master;
				kind = branch;
			};
		};
/* End XCRemoteSwiftPackageReference section */

/* Begin XCSwiftPackageProductDependency section */
		50292D76293B9CA800530CEB /* KeychainAccess */ = {
			isa = XCSwiftPackageProductDependency;
			package = 50292D75293B9CA800530CEB /* XCRemoteSwiftPackageReference "KeychainAccess" */;
			productName = KeychainAccess;
		};
		5037F22B27A5F19C007D1BBA /* Authentication */ = {
			isa = XCSwiftPackageProductDependency;
			productName = Authentication;
		};
		5051221C2944EDF700F78E5E /* KeychainAccess */ = {
			isa = XCSwiftPackageProductDependency;
			package = 50292D75293B9CA800530CEB /* XCRemoteSwiftPackageReference "KeychainAccess" */;
			productName = KeychainAccess;
		};
		5059219128BBC84B005A4E3A /* Authentication */ = {
			isa = XCSwiftPackageProductDependency;
			productName = Authentication;
		};
/* End XCSwiftPackageProductDependency section */
	};
	rootObject = 503D1DAF27A14EAB00FC8355 /* Project object */;
}
